// !$*UTF8*$!
{
	archiveVersion = 1;
	classes = {
	};
	objectVersion = 50;
	objects = {

/* Begin PBXBuildFile section */
		8EC15A6C256E5C8C00DDF986 /* AppDelegate.swift in Sources */ = {isa = PBXBuildFile; fileRef = 8EC15A6B256E5C8C00DDF986 /* AppDelegate.swift */; };
		8EC15A6E256E5C8C00DDF986 /* SceneDelegate.swift in Sources */ = {isa = PBXBuildFile; fileRef = 8EC15A6D256E5C8C00DDF986 /* SceneDelegate.swift */; };
		8EC15A73256E5C8C00DDF986 /* Main.storyboard in Resources */ = {isa = PBXBuildFile; fileRef = 8EC15A71256E5C8C00DDF986 /* Main.storyboard */; };
		8EC15A75256E5C8D00DDF986 /* Assets.xcassets in Resources */ = {isa = PBXBuildFile; fileRef = 8EC15A74256E5C8D00DDF986 /* Assets.xcassets */; };
		8EC15A78256E5C8D00DDF986 /* LaunchScreen.storyboard in Resources */ = {isa = PBXBuildFile; fileRef = 8EC15A76256E5C8D00DDF986 /* LaunchScreen.storyboard */; };
		8EC15A80256E600900DDF986 /* NoteCell.swift in Sources */ = {isa = PBXBuildFile; fileRef = 8EC15A7F256E600900DDF986 /* NoteCell.swift */; };
		8EC15A82256E70B000DDF986 /* NewNoteController.swift in Sources */ = {isa = PBXBuildFile; fileRef = 8EC15A81256E70B000DDF986 /* NewNoteController.swift */; };
		8EC15A84256E8C2500DDF986 /* Note.swift in Sources */ = {isa = PBXBuildFile; fileRef = 8EC15A83256E8C2500DDF986 /* Note.swift */; };
		8EC15A86256EB4FA00DDF986 /* NotesListTableViewController.swift in Sources */ = {isa = PBXBuildFile; fileRef = 8EC15A85256EB4FA00DDF986 /* NotesListTableViewController.swift */; };
/* End PBXBuildFile section */

/* Begin PBXFileReference section */
		8EC15A68256E5C8C00DDF986 /* day02.app */ = {isa = PBXFileReference; explicitFileType = wrapper.application; includeInIndex = 0; path = day02.app; sourceTree = BUILT_PRODUCTS_DIR; };
		8EC15A6B256E5C8C00DDF986 /* AppDelegate.swift */ = {isa = PBXFileReference; lastKnownFileType = sourcecode.swift; path = AppDelegate.swift; sourceTree = "<group>"; };
		8EC15A6D256E5C8C00DDF986 /* SceneDelegate.swift */ = {isa = PBXFileReference; lastKnownFileType = sourcecode.swift; path = SceneDelegate.swift; sourceTree = "<group>"; };
		8EC15A72256E5C8C00DDF986 /* Base */ = {isa = PBXFileReference; lastKnownFileType = file.storyboard; name = Base; path = Base.lproj/Main.storyboard; sourceTree = "<group>"; };
		8EC15A74256E5C8D00DDF986 /* Assets.xcassets */ = {isa = PBXFileReference; lastKnownFileType = folder.assetcatalog; path = Assets.xcassets; sourceTree = "<group>"; };
		8EC15A77256E5C8D00DDF986 /* Base */ = {isa = PBXFileReference; lastKnownFileType = file.storyboard; name = Base; path = Base.lproj/LaunchScreen.storyboard; sourceTree = "<group>"; };
		8EC15A79256E5C8D00DDF986 /* Info.plist */ = {isa = PBXFileReference; lastKnownFileType = text.plist.xml; path = Info.plist; sourceTree = "<group>"; };
		8EC15A7F256E600900DDF986 /* NoteCell.swift */ = {isa = PBXFileReference; lastKnownFileType = sourcecode.swift; path = NoteCell.swift; sourceTree = "<group>"; };
		8EC15A81256E70B000DDF986 /* NewNoteController.swift */ = {isa = PBXFileReference; lastKnownFileType = sourcecode.swift; path = NewNoteController.swift; sourceTree = "<group>"; };
		8EC15A83256E8C2500DDF986 /* Note.swift */ = {isa = PBXFileReference; lastKnownFileType = sourcecode.swift; path = Note.swift; sourceTree = "<group>"; };
		8EC15A85256EB4FA00DDF986 /* NotesListTableViewController.swift */ = {isa = PBXFileReference; lastKnownFileType = sourcecode.swift; path = NotesListTableViewController.swift; sourceTree = "<group>"; };
/* End PBXFileReference section */

/* Begin PBXFrameworksBuildPhase section */
		8EC15A65256E5C8C00DDF986 /* Frameworks */ = {
			isa = PBXFrameworksBuildPhase;
			buildActionMask = 2147483647;
			files = (
			);
			runOnlyForDeploymentPostprocessing = 0;
		};
/* End PBXFrameworksBuildPhase section */

/* Begin PBXGroup section */
		8EC15A5F256E5C8C00DDF986 = {
			isa = PBXGroup;
			children = (
				8EC15A6A256E5C8C00DDF986 /* day02 */,
				8EC15A69256E5C8C00DDF986 /* Products */,
			);
			sourceTree = "<group>";
		};
		8EC15A69256E5C8C00DDF986 /* Products */ = {
			isa = PBXGroup;
			children = (
				8EC15A68256E5C8C00DDF986 /* day02.app */,
			);
			name = Products;
			sourceTree = "<group>";
		};
		8EC15A6A256E5C8C00DDF986 /* day02 */ = {
			isa = PBXGroup;
			children = (
				8EC15A6B256E5C8C00DDF986 /* AppDelegate.swift */,
				8EC15A6D256E5C8C00DDF986 /* SceneDelegate.swift */,
				8EC15A81256E70B000DDF986 /* NewNoteController.swift */,
				8EC15A83256E8C2500DDF986 /* Note.swift */,
				8EC15A85256EB4FA00DDF986 /* NotesListTableViewController.swift */,
				8EC15A7F256E600900DDF986 /* NoteCell.swift */,
				8EC15A71256E5C8C00DDF986 /* Main.storyboard */,
				8EC15A74256E5C8D00DDF986 /* Assets.xcassets */,
				8EC15A76256E5C8D00DDF986 /* LaunchScreen.storyboard */,
				8EC15A79256E5C8D00DDF986 /* Info.plist */,
			);
			path = day02;
			sourceTree = "<group>";
		};
/* End PBXGroup section */

/* Begin PBXNativeTarget section */
		8EC15A67256E5C8C00DDF986 /* day02 */ = {
			isa = PBXNativeTarget;
			buildConfigurationList = 8EC15A7C256E5C8D00DDF986 /* Build configuration list for PBXNativeTarget "day02" */;
			buildPhases = (
				8EC15A64256E5C8C00DDF986 /* Sources */,
				8EC15A65256E5C8C00DDF986 /* Frameworks */,
				8EC15A66256E5C8C00DDF986 /* Resources */,
			);
			buildRules = (
			);
			dependencies = (
			);
			name = day02;
			productName = day02;
			productReference = 8EC15A68256E5C8C00DDF986 /* day02.app */;
			productType = "com.apple.product-type.application";
		};
/* End PBXNativeTarget section */

/* Begin PBXProject section */
		8EC15A60256E5C8C00DDF986 /* Project object */ = {
			isa = PBXProject;
			attributes = {
				LastSwiftUpdateCheck = 1130;
				LastUpgradeCheck = 1130;
				ORGANIZATIONNAME = "Dremora Restless";
				TargetAttributes = {
					8EC15A67256E5C8C00DDF986 = {
						CreatedOnToolsVersion = 11.3.1;
					};
				};
			};
			buildConfigurationList = 8EC15A63256E5C8C00DDF986 /* Build configuration list for PBXProject "day02" */;
			compatibilityVersion = "Xcode 9.3";
			developmentRegion = en;
			hasScannedForEncodings = 0;
			knownRegions = (
				en,
				Base,
			);
			mainGroup = 8EC15A5F256E5C8C00DDF986;
			productRefGroup = 8EC15A69256E5C8C00DDF986 /* Products */;
			projectDirPath = "";
			projectRoot = "";
			targets = (
				8EC15A67256E5C8C00DDF986 /* day02 */,
			);
		};
/* End PBXProject section */

/* Begin PBXResourcesBuildPhase section */
		8EC15A66256E5C8C00DDF986 /* Resources */ = {
			isa = PBXResourcesBuildPhase;
			buildActionMask = 2147483647;
			files = (
				8EC15A78256E5C8D00DDF986 /* LaunchScreen.storyboard in Resources */,
				8EC15A75256E5C8D00DDF986 /* Assets.xcassets in Resources */,
				8EC15A73256E5C8C00DDF986 /* Main.storyboard in Resources */,
			);
			runOnlyForDeploymentPostprocessing = 0;
		};
/* End PBXResourcesBuildPhase section */

/* Begin PBXSourcesBuildPhase section */
		8EC15A64256E5C8C00DDF986 /* Sources */ = {
			isa = PBXSourcesBuildPhase;
			buildActionMask = 2147483647;
			files = (
				8EC15A6C256E5C8C00DDF986 /* AppDelegate.swift in Sources */,
				8EC15A6E256E5C8C00DDF986 /* SceneDelegate.swift in Sources */,
				8EC15A86256EB4FA00DDF986 /* NotesListTableViewController.swift in Sources */,
				8EC15A82256E70B000DDF986 /* NewNoteController.swift in Sources */,
				8EC15A80256E600900DDF986 /* NoteCell.swift in Sources */,
				8EC15A84256E8C2500DDF986 /* Note.swift in Sources */,
			);
			runOnlyForDeploymentPostprocessing = 0;
		};
/* End PBXSourcesBuildPhase section */

/* Begin PBXVariantGroup section */
		8EC15A71256E5C8C00DDF986 /* Main.storyboard */ = {
			isa = PBXVariantGroup;
			children = (
				8EC15A72256E5C8C00DDF986 /* Base */,
			);
			name = Main.storyboard;
			sourceTree = "<group>";
		};
		8EC15A76256E5C8D00DDF986 /* LaunchScreen.storyboard */ = {
			isa = PBXVariantGroup;
			children = (
				8EC15A77256E5C8D00DDF986 /* Base */,
			);
			name = LaunchScreen.storyboard;
			sourceTree = "<group>";
		};
/* End PBXVariantGroup section */

/* Begin XCBuildConfiguration section */
		8EC15A7A256E5C8D00DDF986 /* Debug */ = {
			isa = XCBuildConfiguration;
			buildSettings = {
				ALWAYS_SEARCH_USER_PATHS = NO;
				CLANG_ANALYZER_NONNULL = YES;
				CLANG_ANALYZER_NUMBER_OBJECT_CONVERSION = YES_AGGRESSIVE;
				CLANG_CXX_LANGUAGE_STANDARD = "gnu++14";
				CLANG_CXX_LIBRARY = "libc++";
				CLANG_ENABLE_MODULES = YES;
				CLANG_ENABLE_OBJC_ARC = YES;
				CLANG_ENABLE_OBJC_WEAK = YES;
				CLANG_WARN_BLOCK_CAPTURE_AUTORELEASING = YES;
				CLANG_WARN_BOOL_CONVERSION = YES;
				CLANG_WARN_COMMA = YES;
				CLANG_WARN_CONSTANT_CONVERSION = YES;
				CLANG_WARN_DEPRECATED_OBJC_IMPLEMENTATIONS = YES;
				CLANG_WARN_DIRECT_OBJC_ISA_USAGE = YES_ERROR;
				CLANG_WARN_DOCUMENTATION_COMMENTS = YES;
				CLANG_WARN_EMPTY_BODY = YES;
				CLANG_WARN_ENUM_CONVERSION = YES;
				CLANG_WARN_INFINITE_RECURSION = YES;
				CLANG_WARN_INT_CONVERSION = YES;
				CLANG_WARN_NON_LITERAL_NULL_CONVERSION = YES;
				CLANG_WARN_OBJC_IMPLICIT_RETAIN_SELF = YES;
				CLANG_WARN_OBJC_LITERAL_CONVERSION = YES;
				CLANG_WARN_OBJC_ROOT_CLASS = YES_ERROR;
				CLANG_WARN_RANGE_LOOP_ANALYSIS = YES;
				CLANG_WARN_STRICT_PROTOTYPES = YES;
				CLANG_WARN_SUSPICIOUS_MOVE = YES;
				CLANG_WARN_UNGUARDED_AVAILABILITY = YES_AGGRESSIVE;
				CLANG_WARN_UNREACHABLE_CODE = YES;
				CLANG_WARN__DUPLICATE_METHOD_MATCH = YES;
				COPY_PHASE_STRIP = NO;
				DEBUG_INFORMATION_FORMAT = dwarf;
				ENABLE_STRICT_OBJC_MSGSEND = YES;
				ENABLE_TESTABILITY = YES;
				GCC_C_LANGUAGE_STANDARD = gnu11;
				GCC_DYNAMIC_NO_PIC = NO;
				GCC_NO_COMMON_BLOCKS = YES;
				GCC_OPTIMIZATION_LEVEL = 0;
				GCC_PREPROCESSOR_DEFINITIONS = (
					"DEBUG=1",
					"$(inherited)",
				);
				GCC_WARN_64_TO_32_BIT_CONVERSION = YES;
				GCC_WARN_ABOUT_RETURN_TYPE = YES_ERROR;
				GCC_WARN_UNDECLARED_SELECTOR = YES;
				GCC_WARN_UNINITIALIZED_AUTOS = YES_AGGRESSIVE;
				GCC_WARN_UNUSED_FUNCTION = YES;
				GCC_WARN_UNUSED_VARIABLE = YES;
				IPHONEOS_DEPLOYMENT_TARGET = 13.2;
				MTL_ENABLE_DEBUG_INFO = INCLUDE_SOURCE;
				MTL_FAST_MATH = YES;
				ONLY_ACTIVE_ARCH = YES;
				SDKROOT = iphoneos;
				SWIFT_ACTIVE_COMPILATION_CONDITIONS = DEBUG;
				SWIFT_OPTIMIZATION_LEVEL = "-Onone";
			};
			name = Debug;
		};
		8EC15A7B256E5C8D00DDF986 /* Release */ = {
			isa = XCBuildConfiguration;
			buildSettings = {
				ALWAYS_SEARCH_USER_PATHS = NO;
				CLANG_ANALYZER_NONNULL = YES;
				CLANG_ANALYZER_NUMBER_OBJECT_CONVERSION = YES_AGGRESSIVE;
				CLANG_CXX_LANGUAGE_STANDARD = "gnu++14";
				CLANG_CXX_LIBRARY = "libc++";
				CLANG_ENABLE_MODULES = YES;
				CLANG_ENABLE_OBJC_ARC = YES;
				CLANG_ENABLE_OBJC_WEAK = YES;
				CLANG_WARN_BLOCK_CAPTURE_AUTORELEASING = YES;
				CLANG_WARN_BOOL_CONVERSION = YES;
				CLANG_WARN_COMMA = YES;
				CLANG_WARN_CONSTANT_CONVERSION = YES;
				CLANG_WARN_DEPRECATED_OBJC_IMPLEMENTATIONS = YES;
				CLANG_WARN_DIRECT_OBJC_ISA_USAGE = YES_ERROR;
				CLANG_WARN_DOCUMENTATION_COMMENTS = YES;
				CLANG_WARN_EMPTY_BODY = YES;
				CLANG_WARN_ENUM_CONVERSION = YES;
				CLANG_WARN_INFINITE_RECURSION = YES;
				CLANG_WARN_INT_CONVERSION = YES;
				CLANG_WARN_NON_LITERAL_NULL_CONVERSION = YES;
				CLANG_WARN_OBJC_IMPLICIT_RETAIN_SELF = YES;
				CLANG_WARN_OBJC_LITERAL_CONVERSION = YES;
				CLANG_WARN_OBJC_ROOT_CLASS = YES_ERROR;
				CLANG_WARN_RANGE_LOOP_ANALYSIS = YES;
				CLANG_WARN_STRICT_PROTOTYPES = YES;
				CLANG_WARN_SUSPICIOUS_MOVE = YES;
				CLANG_WARN_UNGUARDED_AVAILABILITY = YES_AGGRESSIVE;
				CLANG_WARN_UNREACHABLE_CODE = YES;
				CLANG_WARN__DUPLICATE_METHOD_MATCH = YES;
				COPY_PHASE_STRIP = NO;
				DEBUG_INFORMATION_FORMAT = "dwarf-with-dsym";
				ENABLE_NS_ASSERTIONS = NO;
				ENABLE_STRICT_OBJC_MSGSEND = YES;
				GCC_C_LANGUAGE_STANDARD = gnu11;
				GCC_NO_COMMON_BLOCKS = YES;
				GCC_WARN_64_TO_32_BIT_CONVERSION = YES;
				GCC_WARN_ABOUT_RETURN_TYPE = YES_ERROR;
				GCC_WARN_UNDECLARED_SELECTOR = YES;
				GCC_WARN_UNINITIALIZED_AUTOS = YES_AGGRESSIVE;
				GCC_WARN_UNUSED_FUNCTION = YES;
				GCC_WARN_UNUSED_VARIABLE = YES;
				IPHONEOS_DEPLOYMENT_TARGET = 13.2;
				MTL_ENABLE_DEBUG_INFO = NO;
				MTL_FAST_MATH = YES;
				SDKROOT = iphoneos;
				SWIFT_COMPILATION_MODE = wholemodule;
				SWIFT_OPTIMIZATION_LEVEL = "-O";
				VALIDATE_PRODUCT = YES;
			};
			name = Release;
		};
		8EC15A7D256E5C8D00DDF986 /* Debug */ = {
			isa = XCBuildConfiguration;
			buildSettings = {
				ASSETCATALOG_COMPILER_APPICON_NAME = AppIcon;
				CODE_SIGN_STYLE = Automatic;
				INFOPLIST_FILE = day02/Info.plist;
				LD_RUNPATH_SEARCH_PATHS = (
					"$(inherited)",
					"@executable_path/Frameworks",
				);
				PRODUCT_BUNDLE_IDENTIFIER = school21.day02;
				PRODUCT_NAME = "$(TARGET_NAME)";
				SWIFT_VERSION = 5.0;
				TARGETED_DEVICE_FAMILY = "1,2";
			};
			name = Debug;
		};
		8EC15A7E256E5C8D00DDF986 /* Release */ = {
			isa = XCBuildConfiguration;
			buildSettings = {
				ASSETCATALOG_COMPILER_APPICON_NAME = AppIcon;
				CODE_SIGN_STYLE = Automatic;
				INFOPLIST_FILE = day02/Info.plist;
				LD_RUNPATH_SEARCH_PATHS = (
					"$(inherited)",
					"@executable_path/Frameworks",
				);
				PRODUCT_BUNDLE_IDENTIFIER = school21.day02;
				PRODUCT_NAME = "$(TARGET_NAME)";
				SWIFT_VERSION = 5.0;
				TARGETED_DEVICE_FAMILY = "1,2";
			};
			name = Release;
		};
/* End XCBuildConfiguration section */

/* Begin XCConfigurationList section */
		8EC15A63256E5C8C00DDF986 /* Build configuration list for PBXProject "day02" */ = {
			isa = XCConfigurationList;
			buildConfigurations = (
				8EC15A7A256E5C8D00DDF986 /* Debug */,
				8EC15A7B256E5C8D00DDF986 /* Release */,
			);
			defaultConfigurationIsVisible = 0;
			defaultConfigurationName = Release;
		};
		8EC15A7C256E5C8D00DDF986 /* Build configuration list for PBXNativeTarget "day02" */ = {
			isa = XCConfigurationList;
			buildConfigurations = (
				8EC15A7D256E5C8D00DDF986 /* Debug */,
				8EC15A7E256E5C8D00DDF986 /* Release */,
			);
			defaultConfigurationIsVisible = 0;
			defaultConfigurationName = Release;
		};
/* End XCConfigurationList section */
	};
	rootObject = 8EC15A60256E5C8C00DDF986 /* Project object */;
}
