// !$*UTF8*$!
{
	archiveVersion = 1;
	classes = {
	};
	objectVersion = 51;
	objects = {

/* Begin PBXBuildFile section */
		8E6D92B92577FBCE00183B07 /* AppDelegate.swift in Sources */ = {isa = PBXBuildFile; fileRef = 8E6D92B82577FBCE00183B07 /* AppDelegate.swift */; };
		8E6D92BB2577FBCE00183B07 /* SceneDelegate.swift in Sources */ = {isa = PBXBuildFile; fileRef = 8E6D92BA2577FBCE00183B07 /* SceneDelegate.swift */; };
		8E6D92BD2577FBCE00183B07 /* ViewController.swift in Sources */ = {isa = PBXBuildFile; fileRef = 8E6D92BC2577FBCE00183B07 /* ViewController.swift */; };
		8E6D92C02577FBCE00183B07 /* Main.storyboard in Resources */ = {isa = PBXBuildFile; fileRef = 8E6D92BE2577FBCE00183B07 /* Main.storyboard */; };
		8E6D92C22577FBD700183B07 /* Assets.xcassets in Resources */ = {isa = PBXBuildFile; fileRef = 8E6D92C12577FBD700183B07 /* Assets.xcassets */; };
		8E6D92C52577FBD700183B07 /* LaunchScreen.storyboard in Resources */ = {isa = PBXBuildFile; fileRef = 8E6D92C32577FBD700183B07 /* LaunchScreen.storyboard */; };
		9A78D9ECEA95043A20E3C7FE /* Pods_day07.framework in Frameworks */ = {isa = PBXBuildFile; fileRef = FC5A2DF0ACF00D963ABA9B7A /* Pods_day07.framework */; };
		F0E1A52025795E6A0076D77D /* MyError.swift in Sources */ = {isa = PBXBuildFile; fileRef = F0E1A51F25795E6A0076D77D /* MyError.swift */; };
/* End PBXBuildFile section */

/* Begin PBXFileReference section */
		7259F97B75E0072B1EF2D3F6 /* Pods-day07.debug.xcconfig */ = {isa = PBXFileReference; includeInIndex = 1; lastKnownFileType = text.xcconfig; name = "Pods-day07.debug.xcconfig"; path = "Target Support Files/Pods-day07/Pods-day07.debug.xcconfig"; sourceTree = "<group>"; };
		8E6D92B52577FBCE00183B07 /* day07.app */ = {isa = PBXFileReference; explicitFileType = wrapper.application; includeInIndex = 0; path = day07.app; sourceTree = BUILT_PRODUCTS_DIR; };
		8E6D92B82577FBCE00183B07 /* AppDelegate.swift */ = {isa = PBXFileReference; lastKnownFileType = sourcecode.swift; path = AppDelegate.swift; sourceTree = "<group>"; };
		8E6D92BA2577FBCE00183B07 /* SceneDelegate.swift */ = {isa = PBXFileReference; lastKnownFileType = sourcecode.swift; path = SceneDelegate.swift; sourceTree = "<group>"; };
		8E6D92BC2577FBCE00183B07 /* ViewController.swift */ = {isa = PBXFileReference; lastKnownFileType = sourcecode.swift; path = ViewController.swift; sourceTree = "<group>"; };
		8E6D92BF2577FBCE00183B07 /* Base */ = {isa = PBXFileReference; lastKnownFileType = file.storyboard; name = Base; path = Base.lproj/Main.storyboard; sourceTree = "<group>"; };
		8E6D92C12577FBD700183B07 /* Assets.xcassets */ = {isa = PBXFileReference; lastKnownFileType = folder.assetcatalog; path = Assets.xcassets; sourceTree = "<group>"; };
		8E6D92C42577FBD700183B07 /* Base */ = {isa = PBXFileReference; lastKnownFileType = file.storyboard; name = Base; path = Base.lproj/LaunchScreen.storyboard; sourceTree = "<group>"; };
		8E6D92C62577FBD700183B07 /* Info.plist */ = {isa = PBXFileReference; lastKnownFileType = text.plist.xml; path = Info.plist; sourceTree = "<group>"; };
		CEA671A85793D6FF026BDF73 /* Pods-day07.release.xcconfig */ = {isa = PBXFileReference; includeInIndex = 1; lastKnownFileType = text.xcconfig; name = "Pods-day07.release.xcconfig"; path = "Target Support Files/Pods-day07/Pods-day07.release.xcconfig"; sourceTree = "<group>"; };
		F0E1A51F25795E6A0076D77D /* MyError.swift */ = {isa = PBXFileReference; lastKnownFileType = sourcecode.swift; path = MyError.swift; sourceTree = "<group>"; };
		FC5A2DF0ACF00D963ABA9B7A /* Pods_day07.framework */ = {isa = PBXFileReference; explicitFileType = wrapper.framework; includeInIndex = 0; path = Pods_day07.framework; sourceTree = BUILT_PRODUCTS_DIR; };
/* End PBXFileReference section */

/* Begin PBXFrameworksBuildPhase section */
		8E6D92B22577FBCE00183B07 /* Frameworks */ = {
			isa = PBXFrameworksBuildPhase;
			buildActionMask = 2147483647;
			files = (
				9A78D9ECEA95043A20E3C7FE /* Pods_day07.framework in Frameworks */,
			);
			runOnlyForDeploymentPostprocessing = 0;
		};
/* End PBXFrameworksBuildPhase section */

/* Begin PBXGroup section */
		8E6D92AC2577FBCE00183B07 = {
			isa = PBXGroup;
			children = (
				8E6D92B72577FBCE00183B07 /* day07 */,
				8E6D92B62577FBCE00183B07 /* Products */,
				96D94888C6C32B032DD1B965 /* Pods */,
				B3EFC20F2822C2A35FB910A0 /* Frameworks */,
			);
			sourceTree = "<group>";
		};
		8E6D92B62577FBCE00183B07 /* Products */ = {
			isa = PBXGroup;
			children = (
				8E6D92B52577FBCE00183B07 /* day07.app */,
			);
			name = Products;
			sourceTree = "<group>";
		};
		8E6D92B72577FBCE00183B07 /* day07 */ = {
			isa = PBXGroup;
			children = (
				8E6D92B82577FBCE00183B07 /* AppDelegate.swift */,
				8E6D92BA2577FBCE00183B07 /* SceneDelegate.swift */,
				8E6D92BC2577FBCE00183B07 /* ViewController.swift */,
				F0E1A51F25795E6A0076D77D /* MyError.swift */,
				8E6D92BE2577FBCE00183B07 /* Main.storyboard */,
				8E6D92C12577FBD700183B07 /* Assets.xcassets */,
				8E6D92C32577FBD700183B07 /* LaunchScreen.storyboard */,
				8E6D92C62577FBD700183B07 /* Info.plist */,
			);
			path = day07;
			sourceTree = "<group>";
		};
		96D94888C6C32B032DD1B965 /* Pods */ = {
			isa = PBXGroup;
			children = (
				7259F97B75E0072B1EF2D3F6 /* Pods-day07.debug.xcconfig */,
				CEA671A85793D6FF026BDF73 /* Pods-day07.release.xcconfig */,
			);
			path = Pods;
			sourceTree = "<group>";
		};
		B3EFC20F2822C2A35FB910A0 /* Frameworks */ = {
			isa = PBXGroup;
			children = (
				FC5A2DF0ACF00D963ABA9B7A /* Pods_day07.framework */,
			);
			name = Frameworks;
			sourceTree = "<group>";
		};
/* End PBXGroup section */

/* Begin PBXNativeTarget section */
		8E6D92B42577FBCE00183B07 /* day07 */ = {
			isa = PBXNativeTarget;
			buildConfigurationList = 8E6D92C92577FBD700183B07 /* Build configuration list for PBXNativeTarget "day07" */;
			buildPhases = (
				E4AE479784712C8B3336563B /* [CP] Check Pods Manifest.lock */,
				8E6D92B12577FBCE00183B07 /* Sources */,
				8E6D92B22577FBCE00183B07 /* Frameworks */,
				8E6D92B32577FBCE00183B07 /* Resources */,
				4689B83FA218F90775701C0D /* [CP] Embed Pods Frameworks */,
			);
			buildRules = (
			);
			dependencies = (
			);
			name = day07;
			productName = day07;
			productReference = 8E6D92B52577FBCE00183B07 /* day07.app */;
			productType = "com.apple.product-type.application";
		};
/* End PBXNativeTarget section */

/* Begin PBXProject section */
		8E6D92AD2577FBCE00183B07 /* Project object */ = {
			isa = PBXProject;
			attributes = {
				LastSwiftUpdateCheck = 1130;
				LastUpgradeCheck = 1130;
				ORGANIZATIONNAME = "Dremora Restless";
				TargetAttributes = {
					8E6D92B42577FBCE00183B07 = {
						CreatedOnToolsVersion = 11.3.1;
					};
				};
			};
			buildConfigurationList = 8E6D92B02577FBCE00183B07 /* Build configuration list for PBXProject "day07" */;
			compatibilityVersion = "Xcode 9.3";
			developmentRegion = en;
			hasScannedForEncodings = 0;
			knownRegions = (
				en,
				Base,
			);
			mainGroup = 8E6D92AC2577FBCE00183B07;
			productRefGroup = 8E6D92B62577FBCE00183B07 /* Products */;
			projectDirPath = "";
			projectRoot = "";
			targets = (
				8E6D92B42577FBCE00183B07 /* day07 */,
			);
		};
/* End PBXProject section */

/* Begin PBXResourcesBuildPhase section */
		8E6D92B32577FBCE00183B07 /* Resources */ = {
			isa = PBXResourcesBuildPhase;
			buildActionMask = 2147483647;
			files = (
				8E6D92C52577FBD700183B07 /* LaunchScreen.storyboard in Resources */,
				8E6D92C22577FBD700183B07 /* Assets.xcassets in Resources */,
				8E6D92C02577FBCE00183B07 /* Main.storyboard in Resources */,
			);
			runOnlyForDeploymentPostprocessing = 0;
		};
/* End PBXResourcesBuildPhase section */

/* Begin PBXShellScriptBuildPhase section */
		4689B83FA218F90775701C0D /* [CP] Embed Pods Frameworks */ = {
			isa = PBXShellScriptBuildPhase;
			buildActionMask = 2147483647;
			files = (
			);
			inputFileListPaths = (
				"${PODS_ROOT}/Target Support Files/Pods-day07/Pods-day07-frameworks-${CONFIGURATION}-input-files.xcfilelist",
			);
			name = "[CP] Embed Pods Frameworks";
			outputFileListPaths = (
				"${PODS_ROOT}/Target Support Files/Pods-day07/Pods-day07-frameworks-${CONFIGURATION}-output-files.xcfilelist",
			);
			runOnlyForDeploymentPostprocessing = 0;
			shellPath = /bin/sh;
			shellScript = "\"${PODS_ROOT}/Target Support Files/Pods-day07/Pods-day07-frameworks.sh\"\n";
			showEnvVarsInLog = 0;
		};
		E4AE479784712C8B3336563B /* [CP] Check Pods Manifest.lock */ = {
			isa = PBXShellScriptBuildPhase;
			buildActionMask = 2147483647;
			files = (
			);
			inputFileListPaths = (
			);
			inputPaths = (
				"${PODS_PODFILE_DIR_PATH}/Podfile.lock",
				"${PODS_ROOT}/Manifest.lock",
			);
			name = "[CP] Check Pods Manifest.lock";
			outputFileListPaths = (
			);
			outputPaths = (
				"$(DERIVED_FILE_DIR)/Pods-day07-checkManifestLockResult.txt",
			);
			runOnlyForDeploymentPostprocessing = 0;
			shellPath = /bin/sh;
			shellScript = "diff \"${PODS_PODFILE_DIR_PATH}/Podfile.lock\" \"${PODS_ROOT}/Manifest.lock\" > /dev/null\nif [ $? != 0 ] ; then\n    # print error to STDERR\n    echo \"error: The sandbox is not in sync with the Podfile.lock. Run 'pod install' or update your CocoaPods installation.\" >&2\n    exit 1\nfi\n# This output is used by Xcode 'outputs' to avoid re-running this script phase.\necho \"SUCCESS\" > \"${SCRIPT_OUTPUT_FILE_0}\"\n";
			showEnvVarsInLog = 0;
		};
/* End PBXShellScriptBuildPhase section */

/* Begin PBXSourcesBuildPhase section */
		8E6D92B12577FBCE00183B07 /* Sources */ = {
			isa = PBXSourcesBuildPhase;
			buildActionMask = 2147483647;
			files = (
				F0E1A52025795E6A0076D77D /* MyError.swift in Sources */,
				8E6D92BD2577FBCE00183B07 /* ViewController.swift in Sources */,
				8E6D92B92577FBCE00183B07 /* AppDelegate.swift in Sources */,
				8E6D92BB2577FBCE00183B07 /* SceneDelegate.swift in Sources */,
			);
			runOnlyForDeploymentPostprocessing = 0;
		};
/* End PBXSourcesBuildPhase section */

/* Begin PBXVariantGroup section */
		8E6D92BE2577FBCE00183B07 /* Main.storyboard */ = {
			isa = PBXVariantGroup;
			children = (
				8E6D92BF2577FBCE00183B07 /* Base */,
			);
			name = Main.storyboard;
			sourceTree = "<group>";
		};
		8E6D92C32577FBD700183B07 /* LaunchScreen.storyboard */ = {
			isa = PBXVariantGroup;
			children = (
				8E6D92C42577FBD700183B07 /* Base */,
			);
			name = LaunchScreen.storyboard;
			sourceTree = "<group>";
		};
/* End PBXVariantGroup section */

/* Begin XCBuildConfiguration section */
		8E6D92C72577FBD700183B07 /* Debug */ = {
			isa = XCBuildConfiguration;
			buildSettings = {
				ALWAYS_SEARCH_USER_PATHS = NO;
				CLANG_ANALYZER_NONNULL = YES;
				CLANG_ANALYZER_NUMBER_OBJECT_CONVERSION = YES_AGGRESSIVE;
				CLANG_CXX_LANGUAGE_STANDARD = "gnu++14";
				CLANG_CXX_LIBRARY = "libc++";
				CLANG_ENABLE_MODULES = YES;
				CLANG_ENABLE_OBJC_ARC = YES;
				CLANG_ENABLE_OBJC_WEAK = YES;
				CLANG_WARN_BLOCK_CAPTURE_AUTORELEASING = YES;
				CLANG_WARN_BOOL_CONVERSION = YES;
				CLANG_WARN_COMMA = YES;
				CLANG_WARN_CONSTANT_CONVERSION = YES;
				CLANG_WARN_DEPRECATED_OBJC_IMPLEMENTATIONS = YES;
				CLANG_WARN_DIRECT_OBJC_ISA_USAGE = YES_ERROR;
				CLANG_WARN_DOCUMENTATION_COMMENTS = YES;
				CLANG_WARN_EMPTY_BODY = YES;
				CLANG_WARN_ENUM_CONVERSION = YES;
				CLANG_WARN_INFINITE_RECURSION = YES;
				CLANG_WARN_INT_CONVERSION = YES;
				CLANG_WARN_NON_LITERAL_NULL_CONVERSION = YES;
				CLANG_WARN_OBJC_IMPLICIT_RETAIN_SELF = YES;
				CLANG_WARN_OBJC_LITERAL_CONVERSION = YES;
				CLANG_WARN_OBJC_ROOT_CLASS = YES_ERROR;
				CLANG_WARN_RANGE_LOOP_ANALYSIS = YES;
				CLANG_WARN_STRICT_PROTOTYPES = YES;
				CLANG_WARN_SUSPICIOUS_MOVE = YES;
				CLANG_WARN_UNGUARDED_AVAILABILITY = YES_AGGRESSIVE;
				CLANG_WARN_UNREACHABLE_CODE = YES;
				CLANG_WARN__DUPLICATE_METHOD_MATCH = YES;
				COPY_PHASE_STRIP = NO;
				DEBUG_INFORMATION_FORMAT = dwarf;
				ENABLE_STRICT_OBJC_MSGSEND = YES;
				ENABLE_TESTABILITY = YES;
				GCC_C_LANGUAGE_STANDARD = gnu11;
				GCC_DYNAMIC_NO_PIC = NO;
				GCC_NO_COMMON_BLOCKS = YES;
				GCC_OPTIMIZATION_LEVEL = 0;
				GCC_PREPROCESSOR_DEFINITIONS = (
					"DEBUG=1",
					"$(inherited)",
				);
				GCC_WARN_64_TO_32_BIT_CONVERSION = YES;
				GCC_WARN_ABOUT_RETURN_TYPE = YES_ERROR;
				GCC_WARN_UNDECLARED_SELECTOR = YES;
				GCC_WARN_UNINITIALIZED_AUTOS = YES_AGGRESSIVE;
				GCC_WARN_UNUSED_FUNCTION = YES;
				GCC_WARN_UNUSED_VARIABLE = YES;
				IPHONEOS_DEPLOYMENT_TARGET = 13.2;
				MTL_ENABLE_DEBUG_INFO = INCLUDE_SOURCE;
				MTL_FAST_MATH = YES;
				ONLY_ACTIVE_ARCH = YES;
				SDKROOT = iphoneos;
				SWIFT_ACTIVE_COMPILATION_CONDITIONS = DEBUG;
				SWIFT_OPTIMIZATION_LEVEL = "-Onone";
			};
			name = Debug;
		};
		8E6D92C82577FBD700183B07 /* Release */ = {
			isa = XCBuildConfiguration;
			buildSettings = {
				ALWAYS_SEARCH_USER_PATHS = NO;
				CLANG_ANALYZER_NONNULL = YES;
				CLANG_ANALYZER_NUMBER_OBJECT_CONVERSION = YES_AGGRESSIVE;
				CLANG_CXX_LANGUAGE_STANDARD = "gnu++14";
				CLANG_CXX_LIBRARY = "libc++";
				CLANG_ENABLE_MODULES = YES;
				CLANG_ENABLE_OBJC_ARC = YES;
				CLANG_ENABLE_OBJC_WEAK = YES;
				CLANG_WARN_BLOCK_CAPTURE_AUTORELEASING = YES;
				CLANG_WARN_BOOL_CONVERSION = YES;
				CLANG_WARN_COMMA = YES;
				CLANG_WARN_CONSTANT_CONVERSION = YES;
				CLANG_WARN_DEPRECATED_OBJC_IMPLEMENTATIONS = YES;
				CLANG_WARN_DIRECT_OBJC_ISA_USAGE = YES_ERROR;
				CLANG_WARN_DOCUMENTATION_COMMENTS = YES;
				CLANG_WARN_EMPTY_BODY = YES;
				CLANG_WARN_ENUM_CONVERSION = YES;
				CLANG_WARN_INFINITE_RECURSION = YES;
				CLANG_WARN_INT_CONVERSION = YES;
				CLANG_WARN_NON_LITERAL_NULL_CONVERSION = YES;
				CLANG_WARN_OBJC_IMPLICIT_RETAIN_SELF = YES;
				CLANG_WARN_OBJC_LITERAL_CONVERSION = YES;
				CLANG_WARN_OBJC_ROOT_CLASS = YES_ERROR;
				CLANG_WARN_RANGE_LOOP_ANALYSIS = YES;
				CLANG_WARN_STRICT_PROTOTYPES = YES;
				CLANG_WARN_SUSPICIOUS_MOVE = YES;
				CLANG_WARN_UNGUARDED_AVAILABILITY = YES_AGGRESSIVE;
				CLANG_WARN_UNREACHABLE_CODE = YES;
				CLANG_WARN__DUPLICATE_METHOD_MATCH = YES;
				COPY_PHASE_STRIP = NO;
				DEBUG_INFORMATION_FORMAT = "dwarf-with-dsym";
				ENABLE_NS_ASSERTIONS = NO;
				ENABLE_STRICT_OBJC_MSGSEND = YES;
				GCC_C_LANGUAGE_STANDARD = gnu11;
				GCC_NO_COMMON_BLOCKS = YES;
				GCC_WARN_64_TO_32_BIT_CONVERSION = YES;
				GCC_WARN_ABOUT_RETURN_TYPE = YES_ERROR;
				GCC_WARN_UNDECLARED_SELECTOR = YES;
				GCC_WARN_UNINITIALIZED_AUTOS = YES_AGGRESSIVE;
				GCC_WARN_UNUSED_FUNCTION = YES;
				GCC_WARN_UNUSED_VARIABLE = YES;
				IPHONEOS_DEPLOYMENT_TARGET = 13.2;
				MTL_ENABLE_DEBUG_INFO = NO;
				MTL_FAST_MATH = YES;
				SDKROOT = iphoneos;
				SWIFT_COMPILATION_MODE = wholemodule;
				SWIFT_OPTIMIZATION_LEVEL = "-O";
				VALIDATE_PRODUCT = YES;
			};
			name = Release;
		};
		8E6D92CA2577FBD700183B07 /* Debug */ = {
			isa = XCBuildConfiguration;
			baseConfigurationReference = 7259F97B75E0072B1EF2D3F6 /* Pods-day07.debug.xcconfig */;
			buildSettings = {
				ASSETCATALOG_COMPILER_APPICON_NAME = AppIcon;
				CODE_SIGN_STYLE = Automatic;
				DEVELOPMENT_TEAM = MN5SDDPV9R;
				INFOPLIST_FILE = day07/Info.plist;
				LD_RUNPATH_SEARCH_PATHS = (
					"$(inherited)",
					"@executable_path/Frameworks",
				);
				PRODUCT_BUNDLE_IDENTIFIER = school21.day07;
				PRODUCT_NAME = "$(TARGET_NAME)";
				SWIFT_VERSION = 5.0;
				TARGETED_DEVICE_FAMILY = "1,2";
			};
			name = Debug;
		};
		8E6D92CB2577FBD700183B07 /* Release */ = {
			isa = XCBuildConfiguration;
			baseConfigurationReference = CEA671A85793D6FF026BDF73 /* Pods-day07.release.xcconfig */;
			buildSettings = {
				ASSETCATALOG_COMPILER_APPICON_NAME = AppIcon;
				CODE_SIGN_STYLE = Automatic;
				DEVELOPMENT_TEAM = MN5SDDPV9R;
				INFOPLIST_FILE = day07/Info.plist;
				LD_RUNPATH_SEARCH_PATHS = (
					"$(inherited)",
					"@executable_path/Frameworks",
				);
				PRODUCT_BUNDLE_IDENTIFIER = school21.day07;
				PRODUCT_NAME = "$(TARGET_NAME)";
				SWIFT_VERSION = 5.0;
				TARGETED_DEVICE_FAMILY = "1,2";
			};
			name = Release;
		};
/* End XCBuildConfiguration section */

/* Begin XCConfigurationList section */
		8E6D92B02577FBCE00183B07 /* Build configuration list for PBXProject "day07" */ = {
			isa = XCConfigurationList;
			buildConfigurations = (
				8E6D92C72577FBD700183B07 /* Debug */,
				8E6D92C82577FBD700183B07 /* Release */,
			);
			defaultConfigurationIsVisible = 0;
			defaultConfigurationName = Release;
		};
		8E6D92C92577FBD700183B07 /* Build configuration list for PBXNativeTarget "day07" */ = {
			isa = XCConfigurationList;
			buildConfigurations = (
				8E6D92CA2577FBD700183B07 /* Debug */,
				8E6D92CB2577FBD700183B07 /* Release */,
			);
			defaultConfigurationIsVisible = 0;
			defaultConfigurationName = Release;
		};
/* End XCConfigurationList section */
	};
	rootObject = 8E6D92AD2577FBCE00183B07 /* Project object */;
}
