// !$*UTF8*$!
{
	archiveVersion = 1;
	classes = {
	};
	objectVersion = 50;
	objects = {

/* Begin PBXBuildFile section */
		F0886033256FCA1200239908 /* AppDelegate.swift in Sources */ = {isa = PBXBuildFile; fileRef = F0886032256FCA1200239908 /* AppDelegate.swift */; };
		F0886035256FCA1300239908 /* SceneDelegate.swift in Sources */ = {isa = PBXBuildFile; fileRef = F0886034256FCA1300239908 /* SceneDelegate.swift */; };
		F088603A256FCA1300239908 /* Main.storyboard in Resources */ = {isa = PBXBuildFile; fileRef = F0886038256FCA1300239908 /* Main.storyboard */; };
		F088603C256FCA1400239908 /* Assets.xcassets in Resources */ = {isa = PBXBuildFile; fileRef = F088603B256FCA1400239908 /* Assets.xcassets */; };
		F088603F256FCA1400239908 /* LaunchScreen.storyboard in Resources */ = {isa = PBXBuildFile; fileRef = F088603D256FCA1400239908 /* LaunchScreen.storyboard */; };
		F0886048256FCA9A00239908 /* AllPhotosController.swift in Sources */ = {isa = PBXBuildFile; fileRef = F0886047256FCA9A00239908 /* AllPhotosController.swift */; };
		F088604C256FCBE900239908 /* DetailPhotoController.swift in Sources */ = {isa = PBXBuildFile; fileRef = F088604B256FCBE900239908 /* DetailPhotoController.swift */; };
		F0886050256FD29000239908 /* PhotoCollectionViewCell.swift in Sources */ = {isa = PBXBuildFile; fileRef = F088604F256FD29000239908 /* PhotoCollectionViewCell.swift */; };
/* End PBXBuildFile section */

/* Begin PBXFileReference section */
		F088602F256FCA1200239908 /* day03.app */ = {isa = PBXFileReference; explicitFileType = wrapper.application; includeInIndex = 0; path = day03.app; sourceTree = BUILT_PRODUCTS_DIR; };
		F0886032256FCA1200239908 /* AppDelegate.swift */ = {isa = PBXFileReference; lastKnownFileType = sourcecode.swift; path = AppDelegate.swift; sourceTree = "<group>"; };
		F0886034256FCA1300239908 /* SceneDelegate.swift */ = {isa = PBXFileReference; lastKnownFileType = sourcecode.swift; path = SceneDelegate.swift; sourceTree = "<group>"; };
		F0886039256FCA1300239908 /* Base */ = {isa = PBXFileReference; lastKnownFileType = file.storyboard; name = Base; path = Base.lproj/Main.storyboard; sourceTree = "<group>"; };
		F088603B256FCA1400239908 /* Assets.xcassets */ = {isa = PBXFileReference; lastKnownFileType = folder.assetcatalog; path = Assets.xcassets; sourceTree = "<group>"; };
		F088603E256FCA1400239908 /* Base */ = {isa = PBXFileReference; lastKnownFileType = file.storyboard; name = Base; path = Base.lproj/LaunchScreen.storyboard; sourceTree = "<group>"; };
		F0886040256FCA1400239908 /* Info.plist */ = {isa = PBXFileReference; lastKnownFileType = text.plist.xml; path = Info.plist; sourceTree = "<group>"; };
		F0886047256FCA9A00239908 /* AllPhotosController.swift */ = {isa = PBXFileReference; lastKnownFileType = sourcecode.swift; path = AllPhotosController.swift; sourceTree = "<group>"; };
		F088604B256FCBE900239908 /* DetailPhotoController.swift */ = {isa = PBXFileReference; lastKnownFileType = sourcecode.swift; path = DetailPhotoController.swift; sourceTree = "<group>"; };
		F088604F256FD29000239908 /* PhotoCollectionViewCell.swift */ = {isa = PBXFileReference; lastKnownFileType = sourcecode.swift; path = PhotoCollectionViewCell.swift; sourceTree = "<group>"; };
/* End PBXFileReference section */

/* Begin PBXFrameworksBuildPhase section */
		F088602C256FCA1200239908 /* Frameworks */ = {
			isa = PBXFrameworksBuildPhase;
			buildActionMask = 2147483647;
			files = (
			);
			runOnlyForDeploymentPostprocessing = 0;
		};
/* End PBXFrameworksBuildPhase section */

/* Begin PBXGroup section */
		F0886026256FCA1200239908 = {
			isa = PBXGroup;
			children = (
				F0886031256FCA1200239908 /* day03 */,
				F0886030256FCA1200239908 /* Products */,
			);
			sourceTree = "<group>";
		};
		F0886030256FCA1200239908 /* Products */ = {
			isa = PBXGroup;
			children = (
				F088602F256FCA1200239908 /* day03.app */,
			);
			name = Products;
			sourceTree = "<group>";
		};
		F0886031256FCA1200239908 /* day03 */ = {
			isa = PBXGroup;
			children = (
				F0886032256FCA1200239908 /* AppDelegate.swift */,
				F0886034256FCA1300239908 /* SceneDelegate.swift */,
				F0886047256FCA9A00239908 /* AllPhotosController.swift */,
				F088604B256FCBE900239908 /* DetailPhotoController.swift */,
				F088604F256FD29000239908 /* PhotoCollectionViewCell.swift */,
				F0886038256FCA1300239908 /* Main.storyboard */,
				F088603B256FCA1400239908 /* Assets.xcassets */,
				F088603D256FCA1400239908 /* LaunchScreen.storyboard */,
				F0886040256FCA1400239908 /* Info.plist */,
			);
			path = day03;
			sourceTree = "<group>";
		};
/* End PBXGroup section */

/* Begin PBXNativeTarget section */
		F088602E256FCA1200239908 /* day03 */ = {
			isa = PBXNativeTarget;
			buildConfigurationList = F0886043256FCA1400239908 /* Build configuration list for PBXNativeTarget "day03" */;
			buildPhases = (
				F088602B256FCA1200239908 /* Sources */,
				F088602C256FCA1200239908 /* Frameworks */,
				F088602D256FCA1200239908 /* Resources */,
			);
			buildRules = (
			);
			dependencies = (
			);
			name = day03;
			productName = day03;
			productReference = F088602F256FCA1200239908 /* day03.app */;
			productType = "com.apple.product-type.application";
		};
/* End PBXNativeTarget section */

/* Begin PBXProject section */
		F0886027256FCA1200239908 /* Project object */ = {
			isa = PBXProject;
			attributes = {
				LastSwiftUpdateCheck = 1200;
				LastUpgradeCheck = 1200;
				TargetAttributes = {
					F088602E256FCA1200239908 = {
						CreatedOnToolsVersion = 12.0.1;
					};
				};
			};
			buildConfigurationList = F088602A256FCA1200239908 /* Build configuration list for PBXProject "day03" */;
			compatibilityVersion = "Xcode 9.3";
			developmentRegion = en;
			hasScannedForEncodings = 0;
			knownRegions = (
				en,
				Base,
			);
			mainGroup = F0886026256FCA1200239908;
			productRefGroup = F0886030256FCA1200239908 /* Products */;
			projectDirPath = "";
			projectRoot = "";
			targets = (
				F088602E256FCA1200239908 /* day03 */,
			);
		};
/* End PBXProject section */

/* Begin PBXResourcesBuildPhase section */
		F088602D256FCA1200239908 /* Resources */ = {
			isa = PBXResourcesBuildPhase;
			buildActionMask = 2147483647;
			files = (
				F088603F256FCA1400239908 /* LaunchScreen.storyboard in Resources */,
				F088603C256FCA1400239908 /* Assets.xcassets in Resources */,
				F088603A256FCA1300239908 /* Main.storyboard in Resources */,
			);
			runOnlyForDeploymentPostprocessing = 0;
		};
/* End PBXResourcesBuildPhase section */

/* Begin PBXSourcesBuildPhase section */
		F088602B256FCA1200239908 /* Sources */ = {
			isa = PBXSourcesBuildPhase;
			buildActionMask = 2147483647;
			files = (
				F0886048256FCA9A00239908 /* AllPhotosController.swift in Sources */,
				F0886050256FD29000239908 /* PhotoCollectionViewCell.swift in Sources */,
				F0886033256FCA1200239908 /* AppDelegate.swift in Sources */,
				F0886035256FCA1300239908 /* SceneDelegate.swift in Sources */,
				F088604C256FCBE900239908 /* DetailPhotoController.swift in Sources */,
			);
			runOnlyForDeploymentPostprocessing = 0;
		};
/* End PBXSourcesBuildPhase section */

/* Begin PBXVariantGroup section */
		F0886038256FCA1300239908 /* Main.storyboard */ = {
			isa = PBXVariantGroup;
			children = (
				F0886039256FCA1300239908 /* Base */,
			);
			name = Main.storyboard;
			sourceTree = "<group>";
		};
		F088603D256FCA1400239908 /* LaunchScreen.storyboard */ = {
			isa = PBXVariantGroup;
			children = (
				F088603E256FCA1400239908 /* Base */,
			);
			name = LaunchScreen.storyboard;
			sourceTree = "<group>";
		};
/* End PBXVariantGroup section */

/* Begin XCBuildConfiguration section */
		F0886041256FCA1400239908 /* Debug */ = {
			isa = XCBuildConfiguration;
			buildSettings = {
				ALWAYS_SEARCH_USER_PATHS = NO;
				CLANG_ANALYZER_NONNULL = YES;
				CLANG_ANALYZER_NUMBER_OBJECT_CONVERSION = YES_AGGRESSIVE;
				CLANG_CXX_LANGUAGE_STANDARD = "gnu++14";
				CLANG_CXX_LIBRARY = "libc++";
				CLANG_ENABLE_MODULES = YES;
				CLANG_ENABLE_OBJC_ARC = YES;
				CLANG_ENABLE_OBJC_WEAK = YES;
				CLANG_WARN_BLOCK_CAPTURE_AUTORELEASING = YES;
				CLANG_WARN_BOOL_CONVERSION = YES;
				CLANG_WARN_COMMA = YES;
				CLANG_WARN_CONSTANT_CONVERSION = YES;
				CLANG_WARN_DEPRECATED_OBJC_IMPLEMENTATIONS = YES;
				CLANG_WARN_DIRECT_OBJC_ISA_USAGE = YES_ERROR;
				CLANG_WARN_DOCUMENTATION_COMMENTS = YES;
				CLANG_WARN_EMPTY_BODY = YES;
				CLANG_WARN_ENUM_CONVERSION = YES;
				CLANG_WARN_INFINITE_RECURSION = YES;
				CLANG_WARN_INT_CONVERSION = YES;
				CLANG_WARN_NON_LITERAL_NULL_CONVERSION = YES;
				CLANG_WARN_OBJC_IMPLICIT_RETAIN_SELF = YES;
				CLANG_WARN_OBJC_LITERAL_CONVERSION = YES;
				CLANG_WARN_OBJC_ROOT_CLASS = YES_ERROR;
				CLANG_WARN_QUOTED_INCLUDE_IN_FRAMEWORK_HEADER = YES;
				CLANG_WARN_RANGE_LOOP_ANALYSIS = YES;
				CLANG_WARN_STRICT_PROTOTYPES = YES;
				CLANG_WARN_SUSPICIOUS_MOVE = YES;
				CLANG_WARN_UNGUARDED_AVAILABILITY = YES_AGGRESSIVE;
				CLANG_WARN_UNREACHABLE_CODE = YES;
				CLANG_WARN__DUPLICATE_METHOD_MATCH = YES;
				COPY_PHASE_STRIP = NO;
				DEBUG_INFORMATION_FORMAT = dwarf;
				ENABLE_STRICT_OBJC_MSGSEND = YES;
				ENABLE_TESTABILITY = YES;
				GCC_C_LANGUAGE_STANDARD = gnu11;
				GCC_DYNAMIC_NO_PIC = NO;
				GCC_NO_COMMON_BLOCKS = YES;
				GCC_OPTIMIZATION_LEVEL = 0;
				GCC_PREPROCESSOR_DEFINITIONS = (
					"DEBUG=1",
					"$(inherited)",
				);
				GCC_WARN_64_TO_32_BIT_CONVERSION = YES;
				GCC_WARN_ABOUT_RETURN_TYPE = YES_ERROR;
				GCC_WARN_UNDECLARED_SELECTOR = YES;
				GCC_WARN_UNINITIALIZED_AUTOS = YES_AGGRESSIVE;
				GCC_WARN_UNUSED_FUNCTION = YES;
				GCC_WARN_UNUSED_VARIABLE = YES;
				IPHONEOS_DEPLOYMENT_TARGET = 14.0;
				MTL_ENABLE_DEBUG_INFO = INCLUDE_SOURCE;
				MTL_FAST_MATH = YES;
				ONLY_ACTIVE_ARCH = YES;
				SDKROOT = iphoneos;
				SWIFT_ACTIVE_COMPILATION_CONDITIONS = DEBUG;
				SWIFT_OPTIMIZATION_LEVEL = "-Onone";
			};
			name = Debug;
		};
		F0886042256FCA1400239908 /* Release */ = {
			isa = XCBuildConfiguration;
			buildSettings = {
				ALWAYS_SEARCH_USER_PATHS = NO;
				CLANG_ANALYZER_NONNULL = YES;
				CLANG_ANALYZER_NUMBER_OBJECT_CONVERSION = YES_AGGRESSIVE;
				CLANG_CXX_LANGUAGE_STANDARD = "gnu++14";
				CLANG_CXX_LIBRARY = "libc++";
				CLANG_ENABLE_MODULES = YES;
				CLANG_ENABLE_OBJC_ARC = YES;
				CLANG_ENABLE_OBJC_WEAK = YES;
				CLANG_WARN_BLOCK_CAPTURE_AUTORELEASING = YES;
				CLANG_WARN_BOOL_CONVERSION = YES;
				CLANG_WARN_COMMA = YES;
				CLANG_WARN_CONSTANT_CONVERSION = YES;
				CLANG_WARN_DEPRECATED_OBJC_IMPLEMENTATIONS = YES;
				CLANG_WARN_DIRECT_OBJC_ISA_USAGE = YES_ERROR;
				CLANG_WARN_DOCUMENTATION_COMMENTS = YES;
				CLANG_WARN_EMPTY_BODY = YES;
				CLANG_WARN_ENUM_CONVERSION = YES;
				CLANG_WARN_INFINITE_RECURSION = YES;
				CLANG_WARN_INT_CONVERSION = YES;
				CLANG_WARN_NON_LITERAL_NULL_CONVERSION = YES;
				CLANG_WARN_OBJC_IMPLICIT_RETAIN_SELF = YES;
				CLANG_WARN_OBJC_LITERAL_CONVERSION = YES;
				CLANG_WARN_OBJC_ROOT_CLASS = YES_ERROR;
				CLANG_WARN_QUOTED_INCLUDE_IN_FRAMEWORK_HEADER = YES;
				CLANG_WARN_RANGE_LOOP_ANALYSIS = YES;
				CLANG_WARN_STRICT_PROTOTYPES = YES;
				CLANG_WARN_SUSPICIOUS_MOVE = YES;
				CLANG_WARN_UNGUARDED_AVAILABILITY = YES_AGGRESSIVE;
				CLANG_WARN_UNREACHABLE_CODE = YES;
				CLANG_WARN__DUPLICATE_METHOD_MATCH = YES;
				COPY_PHASE_STRIP = NO;
				DEBUG_INFORMATION_FORMAT = "dwarf-with-dsym";
				ENABLE_NS_ASSERTIONS = NO;
				ENABLE_STRICT_OBJC_MSGSEND = YES;
				GCC_C_LANGUAGE_STANDARD = gnu11;
				GCC_NO_COMMON_BLOCKS = YES;
				GCC_WARN_64_TO_32_BIT_CONVERSION = YES;
				GCC_WARN_ABOUT_RETURN_TYPE = YES_ERROR;
				GCC_WARN_UNDECLARED_SELECTOR = YES;
				GCC_WARN_UNINITIALIZED_AUTOS = YES_AGGRESSIVE;
				GCC_WARN_UNUSED_FUNCTION = YES;
				GCC_WARN_UNUSED_VARIABLE = YES;
				IPHONEOS_DEPLOYMENT_TARGET = 14.0;
				MTL_ENABLE_DEBUG_INFO = NO;
				MTL_FAST_MATH = YES;
				SDKROOT = iphoneos;
				SWIFT_COMPILATION_MODE = wholemodule;
				SWIFT_OPTIMIZATION_LEVEL = "-O";
				VALIDATE_PRODUCT = YES;
			};
			name = Release;
		};
		F0886044256FCA1400239908 /* Debug */ = {
			isa = XCBuildConfiguration;
			buildSettings = {
				ASSETCATALOG_COMPILER_APPICON_NAME = AppIcon;
				ASSETCATALOG_COMPILER_GLOBAL_ACCENT_COLOR_NAME = AccentColor;
				CODE_SIGN_STYLE = Automatic;
				DEVELOPMENT_TEAM = WFX45C65T9;
				INFOPLIST_FILE = day03/Info.plist;
				LD_RUNPATH_SEARCH_PATHS = (
					"$(inherited)",
					"@executable_path/Frameworks",
				);
				PRODUCT_BUNDLE_IDENTIFIER = KL.day03;
				PRODUCT_NAME = "$(TARGET_NAME)";
				SWIFT_VERSION = 5.0;
				TARGETED_DEVICE_FAMILY = "1,2";
			};
			name = Debug;
		};
		F0886045256FCA1400239908 /* Release */ = {
			isa = XCBuildConfiguration;
			buildSettings = {
				ASSETCATALOG_COMPILER_APPICON_NAME = AppIcon;
				ASSETCATALOG_COMPILER_GLOBAL_ACCENT_COLOR_NAME = AccentColor;
				CODE_SIGN_STYLE = Automatic;
				DEVELOPMENT_TEAM = WFX45C65T9;
				INFOPLIST_FILE = day03/Info.plist;
				LD_RUNPATH_SEARCH_PATHS = (
					"$(inherited)",
					"@executable_path/Frameworks",
				);
				PRODUCT_BUNDLE_IDENTIFIER = KL.day03;
				PRODUCT_NAME = "$(TARGET_NAME)";
				SWIFT_VERSION = 5.0;
				TARGETED_DEVICE_FAMILY = "1,2";
			};
			name = Release;
		};
/* End XCBuildConfiguration section */

/* Begin XCConfigurationList section */
		F088602A256FCA1200239908 /* Build configuration list for PBXProject "day03" */ = {
			isa = XCConfigurationList;
			buildConfigurations = (
				F0886041256FCA1400239908 /* Debug */,
				F0886042256FCA1400239908 /* Release */,
			);
			defaultConfigurationIsVisible = 0;
			defaultConfigurationName = Release;
		};
		F0886043256FCA1400239908 /* Build configuration list for PBXNativeTarget "day03" */ = {
			isa = XCConfigurationList;
			buildConfigurations = (
				F0886044256FCA1400239908 /* Debug */,
				F0886045256FCA1400239908 /* Release */,
			);
			defaultConfigurationIsVisible = 0;
			defaultConfigurationName = Release;
		};
/* End XCConfigurationList section */
	};
	rootObject = F0886027256FCA1200239908 /* Project object */;
}
