// !$*UTF8*$!
{
	archiveVersion = 1;
	classes = {
	};
	objectVersion = 51;
	objects = {

/* Begin PBXBuildFile section */
		27B7C75E35090FBEFF66CC86 /* Pods_rush01.framework in Frameworks */ = {isa = PBXBuildFile; fileRef = 34991CC98F55292EDD01FBCE /* Pods_rush01.framework */; };
		F0E1A5A8257C7D0A0076D77D /* AppDelegate.swift in Sources */ = {isa = PBXBuildFile; fileRef = F0E1A5A7257C7D0A0076D77D /* AppDelegate.swift */; };
		F0E1A5AA257C7D0A0076D77D /* SceneDelegate.swift in Sources */ = {isa = PBXBuildFile; fileRef = F0E1A5A9257C7D0A0076D77D /* SceneDelegate.swift */; };
		F0E1A5AC257C7D0A0076D77D /* ViewController.swift in Sources */ = {isa = PBXBuildFile; fileRef = F0E1A5AB257C7D0A0076D77D /* ViewController.swift */; };
		F0E1A5AF257C7D0A0076D77D /* Main.storyboard in Resources */ = {isa = PBXBuildFile; fileRef = F0E1A5AD257C7D0A0076D77D /* Main.storyboard */; };
		F0E1A5B1257C7D0C0076D77D /* Assets.xcassets in Resources */ = {isa = PBXBuildFile; fileRef = F0E1A5B0257C7D0C0076D77D /* Assets.xcassets */; };
		F0E1A5B4257C7D0C0076D77D /* LaunchScreen.storyboard in Resources */ = {isa = PBXBuildFile; fileRef = F0E1A5B2257C7D0C0076D77D /* LaunchScreen.storyboard */; };
		F0E1A5D1257D1D640076D77D /* SearchViewController.swift in Sources */ = {isa = PBXBuildFile; fileRef = F0E1A5D0257D1D640076D77D /* SearchViewController.swift */; };
		F0E1A5D4257D21060076D77D /* SearchCell.swift in Sources */ = {isa = PBXBuildFile; fileRef = F0E1A5D3257D21060076D77D /* SearchCell.swift */; };
		F0E1A5DF257D27540076D77D /* Place.swift in Sources */ = {isa = PBXBuildFile; fileRef = F0E1A5DE257D27540076D77D /* Place.swift */; };
/* End PBXBuildFile section */

/* Begin PBXFileReference section */
		34991CC98F55292EDD01FBCE /* Pods_rush01.framework */ = {isa = PBXFileReference; explicitFileType = wrapper.framework; includeInIndex = 0; path = Pods_rush01.framework; sourceTree = BUILT_PRODUCTS_DIR; };
		57EE559ED381AF57276B8B25 /* Pods-rush01.debug.xcconfig */ = {isa = PBXFileReference; includeInIndex = 1; lastKnownFileType = text.xcconfig; name = "Pods-rush01.debug.xcconfig"; path = "Target Support Files/Pods-rush01/Pods-rush01.debug.xcconfig"; sourceTree = "<group>"; };
		681E5957A4ADB0C2783B1BAE /* Pods-rush01.release.xcconfig */ = {isa = PBXFileReference; includeInIndex = 1; lastKnownFileType = text.xcconfig; name = "Pods-rush01.release.xcconfig"; path = "Target Support Files/Pods-rush01/Pods-rush01.release.xcconfig"; sourceTree = "<group>"; };
		F0E1A5A4257C7D0A0076D77D /* rush01.app */ = {isa = PBXFileReference; explicitFileType = wrapper.application; includeInIndex = 0; path = rush01.app; sourceTree = BUILT_PRODUCTS_DIR; };
		F0E1A5A7257C7D0A0076D77D /* AppDelegate.swift */ = {isa = PBXFileReference; lastKnownFileType = sourcecode.swift; path = AppDelegate.swift; sourceTree = "<group>"; };
		F0E1A5A9257C7D0A0076D77D /* SceneDelegate.swift */ = {isa = PBXFileReference; lastKnownFileType = sourcecode.swift; path = SceneDelegate.swift; sourceTree = "<group>"; };
		F0E1A5AB257C7D0A0076D77D /* ViewController.swift */ = {isa = PBXFileReference; lastKnownFileType = sourcecode.swift; path = ViewController.swift; sourceTree = "<group>"; };
		F0E1A5AE257C7D0A0076D77D /* Base */ = {isa = PBXFileReference; lastKnownFileType = file.storyboard; name = Base; path = Base.lproj/Main.storyboard; sourceTree = "<group>"; };
		F0E1A5B0257C7D0C0076D77D /* Assets.xcassets */ = {isa = PBXFileReference; lastKnownFileType = folder.assetcatalog; path = Assets.xcassets; sourceTree = "<group>"; };
		F0E1A5B3257C7D0C0076D77D /* Base */ = {isa = PBXFileReference; lastKnownFileType = file.storyboard; name = Base; path = Base.lproj/LaunchScreen.storyboard; sourceTree = "<group>"; };
		F0E1A5B5257C7D0C0076D77D /* Info.plist */ = {isa = PBXFileReference; lastKnownFileType = text.plist.xml; path = Info.plist; sourceTree = "<group>"; };
		F0E1A5D0257D1D640076D77D /* SearchViewController.swift */ = {isa = PBXFileReference; lastKnownFileType = sourcecode.swift; path = SearchViewController.swift; sourceTree = "<group>"; };
		F0E1A5D3257D21060076D77D /* SearchCell.swift */ = {isa = PBXFileReference; lastKnownFileType = sourcecode.swift; path = SearchCell.swift; sourceTree = "<group>"; };
		F0E1A5DE257D27540076D77D /* Place.swift */ = {isa = PBXFileReference; lastKnownFileType = sourcecode.swift; path = Place.swift; sourceTree = "<group>"; };
/* End PBXFileReference section */

/* Begin PBXFrameworksBuildPhase section */
		F0E1A5A1257C7D0A0076D77D /* Frameworks */ = {
			isa = PBXFrameworksBuildPhase;
			buildActionMask = 2147483647;
			files = (
				27B7C75E35090FBEFF66CC86 /* Pods_rush01.framework in Frameworks */,
			);
			runOnlyForDeploymentPostprocessing = 0;
		};
/* End PBXFrameworksBuildPhase section */

/* Begin PBXGroup section */
		6B5D07707FE46C0B107CB3D2 /* Frameworks */ = {
			isa = PBXGroup;
			children = (
				34991CC98F55292EDD01FBCE /* Pods_rush01.framework */,
			);
			name = Frameworks;
			sourceTree = "<group>";
		};
		C4AE71B39BC16609EF6C7FC1 /* Pods */ = {
			isa = PBXGroup;
			children = (
				57EE559ED381AF57276B8B25 /* Pods-rush01.debug.xcconfig */,
				681E5957A4ADB0C2783B1BAE /* Pods-rush01.release.xcconfig */,
			);
			path = Pods;
			sourceTree = "<group>";
		};
		F0E1A59B257C7D0A0076D77D = {
			isa = PBXGroup;
			children = (
				F0E1A5A6257C7D0A0076D77D /* rush01 */,
				F0E1A5A5257C7D0A0076D77D /* Products */,
				C4AE71B39BC16609EF6C7FC1 /* Pods */,
				6B5D07707FE46C0B107CB3D2 /* Frameworks */,
			);
			sourceTree = "<group>";
		};
		F0E1A5A5257C7D0A0076D77D /* Products */ = {
			isa = PBXGroup;
			children = (
				F0E1A5A4257C7D0A0076D77D /* rush01.app */,
			);
			name = Products;
			sourceTree = "<group>";
		};
		F0E1A5A6257C7D0A0076D77D /* rush01 */ = {
			isa = PBXGroup;
			children = (
				F0E1A5A7257C7D0A0076D77D /* AppDelegate.swift */,
				F0E1A5A9257C7D0A0076D77D /* SceneDelegate.swift */,
				F0E1A5D0257D1D640076D77D /* SearchViewController.swift */,
				F0E1A5D3257D21060076D77D /* SearchCell.swift */,
				F0E1A5DE257D27540076D77D /* Place.swift */,
				F0E1A5AB257C7D0A0076D77D /* ViewController.swift */,
				F0E1A5AD257C7D0A0076D77D /* Main.storyboard */,
				F0E1A5B0257C7D0C0076D77D /* Assets.xcassets */,
				F0E1A5B2257C7D0C0076D77D /* LaunchScreen.storyboard */,
				F0E1A5B5257C7D0C0076D77D /* Info.plist */,
			);
			path = rush01;
			sourceTree = "<group>";
		};
/* End PBXGroup section */

/* Begin PBXNativeTarget section */
		F0E1A5A3257C7D0A0076D77D /* rush01 */ = {
			isa = PBXNativeTarget;
			buildConfigurationList = F0E1A5B8257C7D0C0076D77D /* Build configuration list for PBXNativeTarget "rush01" */;
			buildPhases = (
				4B328FF7979F94976AF0A4CE /* [CP] Check Pods Manifest.lock */,
				F0E1A5A0257C7D0A0076D77D /* Sources */,
				F0E1A5A1257C7D0A0076D77D /* Frameworks */,
				F0E1A5A2257C7D0A0076D77D /* Resources */,
				3F1C1A622C8A09F62F4DD61C /* [CP] Copy Pods Resources */,
				A0FCBBD21AEE1119D55A3208 /* [CP] Embed Pods Frameworks */,
			);
			buildRules = (
			);
			dependencies = (
			);
			name = rush01;
			productName = rush01;
			productReference = F0E1A5A4257C7D0A0076D77D /* rush01.app */;
			productType = "com.apple.product-type.application";
		};
/* End PBXNativeTarget section */

/* Begin PBXProject section */
		F0E1A59C257C7D0A0076D77D /* Project object */ = {
			isa = PBXProject;
			attributes = {
				LastSwiftUpdateCheck = 1220;
				LastUpgradeCheck = 1220;
				TargetAttributes = {
					F0E1A5A3257C7D0A0076D77D = {
						CreatedOnToolsVersion = 12.2;
					};
				};
			};
			buildConfigurationList = F0E1A59F257C7D0A0076D77D /* Build configuration list for PBXProject "rush01" */;
			compatibilityVersion = "Xcode 9.3";
			developmentRegion = en;
			hasScannedForEncodings = 0;
			knownRegions = (
				en,
				Base,
			);
			mainGroup = F0E1A59B257C7D0A0076D77D;
			productRefGroup = F0E1A5A5257C7D0A0076D77D /* Products */;
			projectDirPath = "";
			projectRoot = "";
			targets = (
				F0E1A5A3257C7D0A0076D77D /* rush01 */,
			);
		};
/* End PBXProject section */

/* Begin PBXResourcesBuildPhase section */
		F0E1A5A2257C7D0A0076D77D /* Resources */ = {
			isa = PBXResourcesBuildPhase;
			buildActionMask = 2147483647;
			files = (
				F0E1A5B4257C7D0C0076D77D /* LaunchScreen.storyboard in Resources */,
				F0E1A5B1257C7D0C0076D77D /* Assets.xcassets in Resources */,
				F0E1A5AF257C7D0A0076D77D /* Main.storyboard in Resources */,
			);
			runOnlyForDeploymentPostprocessing = 0;
		};
/* End PBXResourcesBuildPhase section */

/* Begin PBXShellScriptBuildPhase section */
		3F1C1A622C8A09F62F4DD61C /* [CP] Copy Pods Resources */ = {
			isa = PBXShellScriptBuildPhase;
			buildActionMask = 2147483647;
			files = (
			);
			inputFileListPaths = (
				"${PODS_ROOT}/Target Support Files/Pods-rush01/Pods-rush01-resources-${CONFIGURATION}-input-files.xcfilelist",
			);
			name = "[CP] Copy Pods Resources";
			outputFileListPaths = (
				"${PODS_ROOT}/Target Support Files/Pods-rush01/Pods-rush01-resources-${CONFIGURATION}-output-files.xcfilelist",
			);
			runOnlyForDeploymentPostprocessing = 0;
			shellPath = /bin/sh;
			shellScript = "\"${PODS_ROOT}/Target Support Files/Pods-rush01/Pods-rush01-resources.sh\"\n";
			showEnvVarsInLog = 0;
		};
		4B328FF7979F94976AF0A4CE /* [CP] Check Pods Manifest.lock */ = {
			isa = PBXShellScriptBuildPhase;
			buildActionMask = 2147483647;
			files = (
			);
			inputFileListPaths = (
			);
			inputPaths = (
				"${PODS_PODFILE_DIR_PATH}/Podfile.lock",
				"${PODS_ROOT}/Manifest.lock",
			);
			name = "[CP] Check Pods Manifest.lock";
			outputFileListPaths = (
			);
			outputPaths = (
				"$(DERIVED_FILE_DIR)/Pods-rush01-checkManifestLockResult.txt",
			);
			runOnlyForDeploymentPostprocessing = 0;
			shellPath = /bin/sh;
			shellScript = "diff \"${PODS_PODFILE_DIR_PATH}/Podfile.lock\" \"${PODS_ROOT}/Manifest.lock\" > /dev/null\nif [ $? != 0 ] ; then\n    # print error to STDERR\n    echo \"error: The sandbox is not in sync with the Podfile.lock. Run 'pod install' or update your CocoaPods installation.\" >&2\n    exit 1\nfi\n# This output is used by Xcode 'outputs' to avoid re-running this script phase.\necho \"SUCCESS\" > \"${SCRIPT_OUTPUT_FILE_0}\"\n";
			showEnvVarsInLog = 0;
		};
		A0FCBBD21AEE1119D55A3208 /* [CP] Embed Pods Frameworks */ = {
			isa = PBXShellScriptBuildPhase;
			buildActionMask = 2147483647;
			files = (
			);
			inputFileListPaths = (
				"${PODS_ROOT}/Target Support Files/Pods-rush01/Pods-rush01-frameworks-${CONFIGURATION}-input-files.xcfilelist",
			);
			name = "[CP] Embed Pods Frameworks";
			outputFileListPaths = (
				"${PODS_ROOT}/Target Support Files/Pods-rush01/Pods-rush01-frameworks-${CONFIGURATION}-output-files.xcfilelist",
			);
			runOnlyForDeploymentPostprocessing = 0;
			shellPath = /bin/sh;
			shellScript = "\"${PODS_ROOT}/Target Support Files/Pods-rush01/Pods-rush01-frameworks.sh\"\n";
			showEnvVarsInLog = 0;
		};
/* End PBXShellScriptBuildPhase section */

/* Begin PBXSourcesBuildPhase section */
		F0E1A5A0257C7D0A0076D77D /* Sources */ = {
			isa = PBXSourcesBuildPhase;
			buildActionMask = 2147483647;
			files = (
				F0E1A5AC257C7D0A0076D77D /* ViewController.swift in Sources */,
				F0E1A5D4257D21060076D77D /* SearchCell.swift in Sources */,
				F0E1A5A8257C7D0A0076D77D /* AppDelegate.swift in Sources */,
				F0E1A5DF257D27540076D77D /* Place.swift in Sources */,
				F0E1A5D1257D1D640076D77D /* SearchViewController.swift in Sources */,
				F0E1A5AA257C7D0A0076D77D /* SceneDelegate.swift in Sources */,
			);
			runOnlyForDeploymentPostprocessing = 0;
		};
/* End PBXSourcesBuildPhase section */

/* Begin PBXVariantGroup section */
		F0E1A5AD257C7D0A0076D77D /* Main.storyboard */ = {
			isa = PBXVariantGroup;
			children = (
				F0E1A5AE257C7D0A0076D77D /* Base */,
			);
			name = Main.storyboard;
			sourceTree = "<group>";
		};
		F0E1A5B2257C7D0C0076D77D /* LaunchScreen.storyboard */ = {
			isa = PBXVariantGroup;
			children = (
				F0E1A5B3257C7D0C0076D77D /* Base */,
			);
			name = LaunchScreen.storyboard;
			sourceTree = "<group>";
		};
/* End PBXVariantGroup section */

/* Begin XCBuildConfiguration section */
		F0E1A5B6257C7D0C0076D77D /* Debug */ = {
			isa = XCBuildConfiguration;
			buildSettings = {
				ALWAYS_SEARCH_USER_PATHS = NO;
				CLANG_ANALYZER_NONNULL = YES;
				CLANG_ANALYZER_NUMBER_OBJECT_CONVERSION = YES_AGGRESSIVE;
				CLANG_CXX_LANGUAGE_STANDARD = "gnu++14";
				CLANG_CXX_LIBRARY = "libc++";
				CLANG_ENABLE_MODULES = YES;
				CLANG_ENABLE_OBJC_ARC = YES;
				CLANG_ENABLE_OBJC_WEAK = YES;
				CLANG_WARN_BLOCK_CAPTURE_AUTORELEASING = YES;
				CLANG_WARN_BOOL_CONVERSION = YES;
				CLANG_WARN_COMMA = YES;
				CLANG_WARN_CONSTANT_CONVERSION = YES;
				CLANG_WARN_DEPRECATED_OBJC_IMPLEMENTATIONS = YES;
				CLANG_WARN_DIRECT_OBJC_ISA_USAGE = YES_ERROR;
				CLANG_WARN_DOCUMENTATION_COMMENTS = YES;
				CLANG_WARN_EMPTY_BODY = YES;
				CLANG_WARN_ENUM_CONVERSION = YES;
				CLANG_WARN_INFINITE_RECURSION = YES;
				CLANG_WARN_INT_CONVERSION = YES;
				CLANG_WARN_NON_LITERAL_NULL_CONVERSION = YES;
				CLANG_WARN_OBJC_IMPLICIT_RETAIN_SELF = YES;
				CLANG_WARN_OBJC_LITERAL_CONVERSION = YES;
				CLANG_WARN_OBJC_ROOT_CLASS = YES_ERROR;
				CLANG_WARN_QUOTED_INCLUDE_IN_FRAMEWORK_HEADER = YES;
				CLANG_WARN_RANGE_LOOP_ANALYSIS = YES;
				CLANG_WARN_STRICT_PROTOTYPES = YES;
				CLANG_WARN_SUSPICIOUS_MOVE = YES;
				CLANG_WARN_UNGUARDED_AVAILABILITY = YES_AGGRESSIVE;
				CLANG_WARN_UNREACHABLE_CODE = YES;
				CLANG_WARN__DUPLICATE_METHOD_MATCH = YES;
				COPY_PHASE_STRIP = NO;
				DEBUG_INFORMATION_FORMAT = dwarf;
				ENABLE_STRICT_OBJC_MSGSEND = YES;
				ENABLE_TESTABILITY = YES;
				GCC_C_LANGUAGE_STANDARD = gnu11;
				GCC_DYNAMIC_NO_PIC = NO;
				GCC_NO_COMMON_BLOCKS = YES;
				GCC_OPTIMIZATION_LEVEL = 0;
				GCC_PREPROCESSOR_DEFINITIONS = (
					"DEBUG=1",
					"$(inherited)",
				);
				GCC_WARN_64_TO_32_BIT_CONVERSION = YES;
				GCC_WARN_ABOUT_RETURN_TYPE = YES_ERROR;
				GCC_WARN_UNDECLARED_SELECTOR = YES;
				GCC_WARN_UNINITIALIZED_AUTOS = YES_AGGRESSIVE;
				GCC_WARN_UNUSED_FUNCTION = YES;
				GCC_WARN_UNUSED_VARIABLE = YES;
				IPHONEOS_DEPLOYMENT_TARGET = 14.2;
				MTL_ENABLE_DEBUG_INFO = INCLUDE_SOURCE;
				MTL_FAST_MATH = YES;
				ONLY_ACTIVE_ARCH = YES;
				SDKROOT = iphoneos;
				SWIFT_ACTIVE_COMPILATION_CONDITIONS = DEBUG;
				SWIFT_OPTIMIZATION_LEVEL = "-Onone";
			};
			name = Debug;
		};
		F0E1A5B7257C7D0C0076D77D /* Release */ = {
			isa = XCBuildConfiguration;
			buildSettings = {
				ALWAYS_SEARCH_USER_PATHS = NO;
				CLANG_ANALYZER_NONNULL = YES;
				CLANG_ANALYZER_NUMBER_OBJECT_CONVERSION = YES_AGGRESSIVE;
				CLANG_CXX_LANGUAGE_STANDARD = "gnu++14";
				CLANG_CXX_LIBRARY = "libc++";
				CLANG_ENABLE_MODULES = YES;
				CLANG_ENABLE_OBJC_ARC = YES;
				CLANG_ENABLE_OBJC_WEAK = YES;
				CLANG_WARN_BLOCK_CAPTURE_AUTORELEASING = YES;
				CLANG_WARN_BOOL_CONVERSION = YES;
				CLANG_WARN_COMMA = YES;
				CLANG_WARN_CONSTANT_CONVERSION = YES;
				CLANG_WARN_DEPRECATED_OBJC_IMPLEMENTATIONS = YES;
				CLANG_WARN_DIRECT_OBJC_ISA_USAGE = YES_ERROR;
				CLANG_WARN_DOCUMENTATION_COMMENTS = YES;
				CLANG_WARN_EMPTY_BODY = YES;
				CLANG_WARN_ENUM_CONVERSION = YES;
				CLANG_WARN_INFINITE_RECURSION = YES;
				CLANG_WARN_INT_CONVERSION = YES;
				CLANG_WARN_NON_LITERAL_NULL_CONVERSION = YES;
				CLANG_WARN_OBJC_IMPLICIT_RETAIN_SELF = YES;
				CLANG_WARN_OBJC_LITERAL_CONVERSION = YES;
				CLANG_WARN_OBJC_ROOT_CLASS = YES_ERROR;
				CLANG_WARN_QUOTED_INCLUDE_IN_FRAMEWORK_HEADER = YES;
				CLANG_WARN_RANGE_LOOP_ANALYSIS = YES;
				CLANG_WARN_STRICT_PROTOTYPES = YES;
				CLANG_WARN_SUSPICIOUS_MOVE = YES;
				CLANG_WARN_UNGUARDED_AVAILABILITY = YES_AGGRESSIVE;
				CLANG_WARN_UNREACHABLE_CODE = YES;
				CLANG_WARN__DUPLICATE_METHOD_MATCH = YES;
				COPY_PHASE_STRIP = NO;
				DEBUG_INFORMATION_FORMAT = "dwarf-with-dsym";
				ENABLE_NS_ASSERTIONS = NO;
				ENABLE_STRICT_OBJC_MSGSEND = YES;
				GCC_C_LANGUAGE_STANDARD = gnu11;
				GCC_NO_COMMON_BLOCKS = YES;
				GCC_WARN_64_TO_32_BIT_CONVERSION = YES;
				GCC_WARN_ABOUT_RETURN_TYPE = YES_ERROR;
				GCC_WARN_UNDECLARED_SELECTOR = YES;
				GCC_WARN_UNINITIALIZED_AUTOS = YES_AGGRESSIVE;
				GCC_WARN_UNUSED_FUNCTION = YES;
				GCC_WARN_UNUSED_VARIABLE = YES;
				IPHONEOS_DEPLOYMENT_TARGET = 14.2;
				MTL_ENABLE_DEBUG_INFO = NO;
				MTL_FAST_MATH = YES;
				SDKROOT = iphoneos;
				SWIFT_COMPILATION_MODE = wholemodule;
				SWIFT_OPTIMIZATION_LEVEL = "-O";
				VALIDATE_PRODUCT = YES;
			};
			name = Release;
		};
		F0E1A5B9257C7D0C0076D77D /* Debug */ = {
			isa = XCBuildConfiguration;
			baseConfigurationReference = 57EE559ED381AF57276B8B25 /* Pods-rush01.debug.xcconfig */;
			buildSettings = {
				ASSETCATALOG_COMPILER_APPICON_NAME = AppIcon;
				ASSETCATALOG_COMPILER_GLOBAL_ACCENT_COLOR_NAME = AccentColor;
				CODE_SIGN_STYLE = Automatic;
				DEVELOPMENT_TEAM = WFX45C65T9;
				INFOPLIST_FILE = rush01/Info.plist;
				LD_RUNPATH_SEARCH_PATHS = (
					"$(inherited)",
					"@executable_path/Frameworks",
				);
				PRODUCT_BUNDLE_IDENTIFIER = KeniaLukoshkina.piscine.rush01;
				PRODUCT_NAME = "$(TARGET_NAME)";
				SWIFT_VERSION = 5.0;
				TARGETED_DEVICE_FAMILY = "1,2";
			};
			name = Debug;
		};
		F0E1A5BA257C7D0C0076D77D /* Release */ = {
			isa = XCBuildConfiguration;
			baseConfigurationReference = 681E5957A4ADB0C2783B1BAE /* Pods-rush01.release.xcconfig */;
			buildSettings = {
				ASSETCATALOG_COMPILER_APPICON_NAME = AppIcon;
				ASSETCATALOG_COMPILER_GLOBAL_ACCENT_COLOR_NAME = AccentColor;
				CODE_SIGN_STYLE = Automatic;
				DEVELOPMENT_TEAM = WFX45C65T9;
				INFOPLIST_FILE = rush01/Info.plist;
				LD_RUNPATH_SEARCH_PATHS = (
					"$(inherited)",
					"@executable_path/Frameworks",
				);
				PRODUCT_BUNDLE_IDENTIFIER = KeniaLukoshkina.piscine.rush01;
				PRODUCT_NAME = "$(TARGET_NAME)";
				SWIFT_VERSION = 5.0;
				TARGETED_DEVICE_FAMILY = "1,2";
			};
			name = Release;
		};
/* End XCBuildConfiguration section */

/* Begin XCConfigurationList section */
		F0E1A59F257C7D0A0076D77D /* Build configuration list for PBXProject "rush01" */ = {
			isa = XCConfigurationList;
			buildConfigurations = (
				F0E1A5B6257C7D0C0076D77D /* Debug */,
				F0E1A5B7257C7D0C0076D77D /* Release */,
			);
			defaultConfigurationIsVisible = 0;
			defaultConfigurationName = Release;
		};
		F0E1A5B8257C7D0C0076D77D /* Build configuration list for PBXNativeTarget "rush01" */ = {
			isa = XCConfigurationList;
			buildConfigurations = (
				F0E1A5B9257C7D0C0076D77D /* Debug */,
				F0E1A5BA257C7D0C0076D77D /* Release */,
			);
			defaultConfigurationIsVisible = 0;
			defaultConfigurationName = Release;
		};
/* End XCConfigurationList section */
	};
	rootObject = F0E1A59C257C7D0A0076D77D /* Project object */;
}
