// !$*UTF8*$!
{
	archiveVersion = 1;
	classes = {
	};
	objectVersion = 50;
	objects = {

/* Begin PBXBuildFile section */
		8E9FAAB525758A62009D3E68 /* Place.swift in Sources */ = {isa = PBXBuildFile; fileRef = 8E9FAAB425758A62009D3E68 /* Place.swift */; };
		F042E46425750003004FBDCD /* AppDelegate.swift in Sources */ = {isa = PBXBuildFile; fileRef = F042E46325750003004FBDCD /* AppDelegate.swift */; };
		F042E46625750003004FBDCD /* SceneDelegate.swift in Sources */ = {isa = PBXBuildFile; fileRef = F042E46525750003004FBDCD /* SceneDelegate.swift */; };
		F042E46825750003004FBDCD /* ViewController.swift in Sources */ = {isa = PBXBuildFile; fileRef = F042E46725750003004FBDCD /* ViewController.swift */; };
		F042E46B25750003004FBDCD /* Main.storyboard in Resources */ = {isa = PBXBuildFile; fileRef = F042E46925750003004FBDCD /* Main.storyboard */; };
		F042E46D25750006004FBDCD /* Assets.xcassets in Resources */ = {isa = PBXBuildFile; fileRef = F042E46C25750006004FBDCD /* Assets.xcassets */; };
		F042E47025750006004FBDCD /* LaunchScreen.storyboard in Resources */ = {isa = PBXBuildFile; fileRef = F042E46E25750006004FBDCD /* LaunchScreen.storyboard */; };
		F042E479257527D7004FBDCD /* PlaceCell.swift in Sources */ = {isa = PBXBuildFile; fileRef = F042E478257527D7004FBDCD /* PlaceCell.swift */; };
		F042E47C25754C8B004FBDCD /* ListViewController.swift in Sources */ = {isa = PBXBuildFile; fileRef = F042E47B25754C8B004FBDCD /* ListViewController.swift */; };
		F042E47F25754CCA004FBDCD /* data.json in Resources */ = {isa = PBXBuildFile; fileRef = F042E47E25754CCA004FBDCD /* data.json */; };
		F042E48425764FA9004FBDCD /* MapViewController.swift in Sources */ = {isa = PBXBuildFile; fileRef = F042E48325764FA9004FBDCD /* MapViewController.swift */; };
		F042E48725768FD8004FBDCD /* Singleton.swift in Sources */ = {isa = PBXBuildFile; fileRef = F042E48625768FD8004FBDCD /* Singleton.swift */; };
		F042E48A2576988C004FBDCD /* CustomPointAnnotation.swift in Sources */ = {isa = PBXBuildFile; fileRef = F042E4892576988C004FBDCD /* CustomPointAnnotation.swift */; };
/* End PBXBuildFile section */

/* Begin PBXFileReference section */
		8E9FAAB425758A62009D3E68 /* Place.swift */ = {isa = PBXFileReference; lastKnownFileType = sourcecode.swift; path = Place.swift; sourceTree = "<group>"; };
		F042E46025750003004FBDCD /* day05.app */ = {isa = PBXFileReference; explicitFileType = wrapper.application; includeInIndex = 0; path = day05.app; sourceTree = BUILT_PRODUCTS_DIR; };
		F042E46325750003004FBDCD /* AppDelegate.swift */ = {isa = PBXFileReference; lastKnownFileType = sourcecode.swift; path = AppDelegate.swift; sourceTree = "<group>"; };
		F042E46525750003004FBDCD /* SceneDelegate.swift */ = {isa = PBXFileReference; lastKnownFileType = sourcecode.swift; path = SceneDelegate.swift; sourceTree = "<group>"; };
		F042E46725750003004FBDCD /* ViewController.swift */ = {isa = PBXFileReference; lastKnownFileType = sourcecode.swift; path = ViewController.swift; sourceTree = "<group>"; };
		F042E46A25750003004FBDCD /* Base */ = {isa = PBXFileReference; lastKnownFileType = file.storyboard; name = Base; path = Base.lproj/Main.storyboard; sourceTree = "<group>"; };
		F042E46C25750006004FBDCD /* Assets.xcassets */ = {isa = PBXFileReference; lastKnownFileType = folder.assetcatalog; path = Assets.xcassets; sourceTree = "<group>"; };
		F042E46F25750006004FBDCD /* Base */ = {isa = PBXFileReference; lastKnownFileType = file.storyboard; name = Base; path = Base.lproj/LaunchScreen.storyboard; sourceTree = "<group>"; };
		F042E47125750006004FBDCD /* Info.plist */ = {isa = PBXFileReference; lastKnownFileType = text.plist.xml; path = Info.plist; sourceTree = "<group>"; };
		F042E478257527D7004FBDCD /* PlaceCell.swift */ = {isa = PBXFileReference; lastKnownFileType = sourcecode.swift; path = PlaceCell.swift; sourceTree = "<group>"; };
		F042E47B25754C8B004FBDCD /* ListViewController.swift */ = {isa = PBXFileReference; lastKnownFileType = sourcecode.swift; path = ListViewController.swift; sourceTree = "<group>"; };
		F042E47E25754CCA004FBDCD /* data.json */ = {isa = PBXFileReference; lastKnownFileType = text.json; path = data.json; sourceTree = "<group>"; };
		F042E48325764FA9004FBDCD /* MapViewController.swift */ = {isa = PBXFileReference; lastKnownFileType = sourcecode.swift; path = MapViewController.swift; sourceTree = "<group>"; };
		F042E48625768FD8004FBDCD /* Singleton.swift */ = {isa = PBXFileReference; lastKnownFileType = sourcecode.swift; path = Singleton.swift; sourceTree = "<group>"; };
		F042E4892576988C004FBDCD /* CustomPointAnnotation.swift */ = {isa = PBXFileReference; lastKnownFileType = sourcecode.swift; path = CustomPointAnnotation.swift; sourceTree = "<group>"; };
/* End PBXFileReference section */

/* Begin PBXFrameworksBuildPhase section */
		F042E45D25750003004FBDCD /* Frameworks */ = {
			isa = PBXFrameworksBuildPhase;
			buildActionMask = 2147483647;
			files = (
			);
			runOnlyForDeploymentPostprocessing = 0;
		};
/* End PBXFrameworksBuildPhase section */

/* Begin PBXGroup section */
		F042E45725750003004FBDCD = {
			isa = PBXGroup;
			children = (
				F042E46225750003004FBDCD /* day05 */,
				F042E46125750003004FBDCD /* Products */,
			);
			sourceTree = "<group>";
		};
		F042E46125750003004FBDCD /* Products */ = {
			isa = PBXGroup;
			children = (
				F042E46025750003004FBDCD /* day05.app */,
			);
			name = Products;
			sourceTree = "<group>";
		};
		F042E46225750003004FBDCD /* day05 */ = {
			isa = PBXGroup;
			children = (
				F042E46325750003004FBDCD /* AppDelegate.swift */,
				F042E46525750003004FBDCD /* SceneDelegate.swift */,
				F042E46725750003004FBDCD /* ViewController.swift */,
				F042E47E25754CCA004FBDCD /* data.json */,
				F042E478257527D7004FBDCD /* PlaceCell.swift */,
				8E9FAAB425758A62009D3E68 /* Place.swift */,
				F042E4892576988C004FBDCD /* CustomPointAnnotation.swift */,
				F042E48325764FA9004FBDCD /* MapViewController.swift */,
				F042E48625768FD8004FBDCD /* Singleton.swift */,
				F042E47B25754C8B004FBDCD /* ListViewController.swift */,
				F042E46925750003004FBDCD /* Main.storyboard */,
				F042E46C25750006004FBDCD /* Assets.xcassets */,
				F042E46E25750006004FBDCD /* LaunchScreen.storyboard */,
				F042E47125750006004FBDCD /* Info.plist */,
			);
			path = day05;
			sourceTree = "<group>";
		};
/* End PBXGroup section */

/* Begin PBXNativeTarget section */
		F042E45F25750003004FBDCD /* day05 */ = {
			isa = PBXNativeTarget;
			buildConfigurationList = F042E47425750006004FBDCD /* Build configuration list for PBXNativeTarget "day05" */;
			buildPhases = (
				F042E45C25750003004FBDCD /* Sources */,
				F042E45D25750003004FBDCD /* Frameworks */,
				F042E45E25750003004FBDCD /* Resources */,
			);
			buildRules = (
			);
			dependencies = (
			);
			name = day05;
			productName = day05;
			productReference = F042E46025750003004FBDCD /* day05.app */;
			productType = "com.apple.product-type.application";
		};
/* End PBXNativeTarget section */

/* Begin PBXProject section */
		F042E45825750003004FBDCD /* Project object */ = {
			isa = PBXProject;
			attributes = {
				LastSwiftUpdateCheck = 1200;
				LastUpgradeCheck = 1200;
				TargetAttributes = {
					F042E45F25750003004FBDCD = {
						CreatedOnToolsVersion = 12.0.1;
					};
				};
			};
			buildConfigurationList = F042E45B25750003004FBDCD /* Build configuration list for PBXProject "day05" */;
			compatibilityVersion = "Xcode 9.3";
			developmentRegion = en;
			hasScannedForEncodings = 0;
			knownRegions = (
				en,
				Base,
			);
			mainGroup = F042E45725750003004FBDCD;
			productRefGroup = F042E46125750003004FBDCD /* Products */;
			projectDirPath = "";
			projectRoot = "";
			targets = (
				F042E45F25750003004FBDCD /* day05 */,
			);
		};
/* End PBXProject section */

/* Begin PBXResourcesBuildPhase section */
		F042E45E25750003004FBDCD /* Resources */ = {
			isa = PBXResourcesBuildPhase;
			buildActionMask = 2147483647;
			files = (
				F042E47025750006004FBDCD /* LaunchScreen.storyboard in Resources */,
				F042E46D25750006004FBDCD /* Assets.xcassets in Resources */,
				F042E47F25754CCA004FBDCD /* data.json in Resources */,
				F042E46B25750003004FBDCD /* Main.storyboard in Resources */,
			);
			runOnlyForDeploymentPostprocessing = 0;
		};
/* End PBXResourcesBuildPhase section */

/* Begin PBXSourcesBuildPhase section */
		F042E45C25750003004FBDCD /* Sources */ = {
			isa = PBXSourcesBuildPhase;
			buildActionMask = 2147483647;
			files = (
				F042E46825750003004FBDCD /* ViewController.swift in Sources */,
				F042E46425750003004FBDCD /* AppDelegate.swift in Sources */,
				F042E48A2576988C004FBDCD /* CustomPointAnnotation.swift in Sources */,
				F042E46625750003004FBDCD /* SceneDelegate.swift in Sources */,
				8E9FAAB525758A62009D3E68 /* Place.swift in Sources */,
				F042E47C25754C8B004FBDCD /* ListViewController.swift in Sources */,
				F042E48725768FD8004FBDCD /* Singleton.swift in Sources */,
				F042E479257527D7004FBDCD /* PlaceCell.swift in Sources */,
				F042E48425764FA9004FBDCD /* MapViewController.swift in Sources */,
			);
			runOnlyForDeploymentPostprocessing = 0;
		};
/* End PBXSourcesBuildPhase section */

/* Begin PBXVariantGroup section */
		F042E46925750003004FBDCD /* Main.storyboard */ = {
			isa = PBXVariantGroup;
			children = (
				F042E46A25750003004FBDCD /* Base */,
			);
			name = Main.storyboard;
			sourceTree = "<group>";
		};
		F042E46E25750006004FBDCD /* LaunchScreen.storyboard */ = {
			isa = PBXVariantGroup;
			children = (
				F042E46F25750006004FBDCD /* Base */,
			);
			name = LaunchScreen.storyboard;
			sourceTree = "<group>";
		};
/* End PBXVariantGroup section */

/* Begin XCBuildConfiguration section */
		F042E47225750006004FBDCD /* Debug */ = {
			isa = XCBuildConfiguration;
			buildSettings = {
				ALWAYS_SEARCH_USER_PATHS = NO;
				CLANG_ANALYZER_NONNULL = YES;
				CLANG_ANALYZER_NUMBER_OBJECT_CONVERSION = YES_AGGRESSIVE;
				CLANG_CXX_LANGUAGE_STANDARD = "gnu++14";
				CLANG_CXX_LIBRARY = "libc++";
				CLANG_ENABLE_MODULES = YES;
				CLANG_ENABLE_OBJC_ARC = YES;
				CLANG_ENABLE_OBJC_WEAK = YES;
				CLANG_WARN_BLOCK_CAPTURE_AUTORELEASING = YES;
				CLANG_WARN_BOOL_CONVERSION = YES;
				CLANG_WARN_COMMA = YES;
				CLANG_WARN_CONSTANT_CONVERSION = YES;
				CLANG_WARN_DEPRECATED_OBJC_IMPLEMENTATIONS = YES;
				CLANG_WARN_DIRECT_OBJC_ISA_USAGE = YES_ERROR;
				CLANG_WARN_DOCUMENTATION_COMMENTS = YES;
				CLANG_WARN_EMPTY_BODY = YES;
				CLANG_WARN_ENUM_CONVERSION = YES;
				CLANG_WARN_INFINITE_RECURSION = YES;
				CLANG_WARN_INT_CONVERSION = YES;
				CLANG_WARN_NON_LITERAL_NULL_CONVERSION = YES;
				CLANG_WARN_OBJC_IMPLICIT_RETAIN_SELF = YES;
				CLANG_WARN_OBJC_LITERAL_CONVERSION = YES;
				CLANG_WARN_OBJC_ROOT_CLASS = YES_ERROR;
				CLANG_WARN_QUOTED_INCLUDE_IN_FRAMEWORK_HEADER = YES;
				CLANG_WARN_RANGE_LOOP_ANALYSIS = YES;
				CLANG_WARN_STRICT_PROTOTYPES = YES;
				CLANG_WARN_SUSPICIOUS_MOVE = YES;
				CLANG_WARN_UNGUARDED_AVAILABILITY = YES_AGGRESSIVE;
				CLANG_WARN_UNREACHABLE_CODE = YES;
				CLANG_WARN__DUPLICATE_METHOD_MATCH = YES;
				COPY_PHASE_STRIP = NO;
				DEBUG_INFORMATION_FORMAT = dwarf;
				ENABLE_STRICT_OBJC_MSGSEND = YES;
				ENABLE_TESTABILITY = YES;
				GCC_C_LANGUAGE_STANDARD = gnu11;
				GCC_DYNAMIC_NO_PIC = NO;
				GCC_NO_COMMON_BLOCKS = YES;
				GCC_OPTIMIZATION_LEVEL = 0;
				GCC_PREPROCESSOR_DEFINITIONS = (
					"DEBUG=1",
					"$(inherited)",
				);
				GCC_WARN_64_TO_32_BIT_CONVERSION = YES;
				GCC_WARN_ABOUT_RETURN_TYPE = YES_ERROR;
				GCC_WARN_UNDECLARED_SELECTOR = YES;
				GCC_WARN_UNINITIALIZED_AUTOS = YES_AGGRESSIVE;
				GCC_WARN_UNUSED_FUNCTION = YES;
				GCC_WARN_UNUSED_VARIABLE = YES;
				IPHONEOS_DEPLOYMENT_TARGET = 14.0;
				MTL_ENABLE_DEBUG_INFO = INCLUDE_SOURCE;
				MTL_FAST_MATH = YES;
				ONLY_ACTIVE_ARCH = YES;
				SDKROOT = iphoneos;
				SWIFT_ACTIVE_COMPILATION_CONDITIONS = DEBUG;
				SWIFT_OPTIMIZATION_LEVEL = "-Onone";
			};
			name = Debug;
		};
		F042E47325750006004FBDCD /* Release */ = {
			isa = XCBuildConfiguration;
			buildSettings = {
				ALWAYS_SEARCH_USER_PATHS = NO;
				CLANG_ANALYZER_NONNULL = YES;
				CLANG_ANALYZER_NUMBER_OBJECT_CONVERSION = YES_AGGRESSIVE;
				CLANG_CXX_LANGUAGE_STANDARD = "gnu++14";
				CLANG_CXX_LIBRARY = "libc++";
				CLANG_ENABLE_MODULES = YES;
				CLANG_ENABLE_OBJC_ARC = YES;
				CLANG_ENABLE_OBJC_WEAK = YES;
				CLANG_WARN_BLOCK_CAPTURE_AUTORELEASING = YES;
				CLANG_WARN_BOOL_CONVERSION = YES;
				CLANG_WARN_COMMA = YES;
				CLANG_WARN_CONSTANT_CONVERSION = YES;
				CLANG_WARN_DEPRECATED_OBJC_IMPLEMENTATIONS = YES;
				CLANG_WARN_DIRECT_OBJC_ISA_USAGE = YES_ERROR;
				CLANG_WARN_DOCUMENTATION_COMMENTS = YES;
				CLANG_WARN_EMPTY_BODY = YES;
				CLANG_WARN_ENUM_CONVERSION = YES;
				CLANG_WARN_INFINITE_RECURSION = YES;
				CLANG_WARN_INT_CONVERSION = YES;
				CLANG_WARN_NON_LITERAL_NULL_CONVERSION = YES;
				CLANG_WARN_OBJC_IMPLICIT_RETAIN_SELF = YES;
				CLANG_WARN_OBJC_LITERAL_CONVERSION = YES;
				CLANG_WARN_OBJC_ROOT_CLASS = YES_ERROR;
				CLANG_WARN_QUOTED_INCLUDE_IN_FRAMEWORK_HEADER = YES;
				CLANG_WARN_RANGE_LOOP_ANALYSIS = YES;
				CLANG_WARN_STRICT_PROTOTYPES = YES;
				CLANG_WARN_SUSPICIOUS_MOVE = YES;
				CLANG_WARN_UNGUARDED_AVAILABILITY = YES_AGGRESSIVE;
				CLANG_WARN_UNREACHABLE_CODE = YES;
				CLANG_WARN__DUPLICATE_METHOD_MATCH = YES;
				COPY_PHASE_STRIP = NO;
				DEBUG_INFORMATION_FORMAT = "dwarf-with-dsym";
				ENABLE_NS_ASSERTIONS = NO;
				ENABLE_STRICT_OBJC_MSGSEND = YES;
				GCC_C_LANGUAGE_STANDARD = gnu11;
				GCC_NO_COMMON_BLOCKS = YES;
				GCC_WARN_64_TO_32_BIT_CONVERSION = YES;
				GCC_WARN_ABOUT_RETURN_TYPE = YES_ERROR;
				GCC_WARN_UNDECLARED_SELECTOR = YES;
				GCC_WARN_UNINITIALIZED_AUTOS = YES_AGGRESSIVE;
				GCC_WARN_UNUSED_FUNCTION = YES;
				GCC_WARN_UNUSED_VARIABLE = YES;
				IPHONEOS_DEPLOYMENT_TARGET = 14.0;
				MTL_ENABLE_DEBUG_INFO = NO;
				MTL_FAST_MATH = YES;
				SDKROOT = iphoneos;
				SWIFT_COMPILATION_MODE = wholemodule;
				SWIFT_OPTIMIZATION_LEVEL = "-O";
				VALIDATE_PRODUCT = YES;
			};
			name = Release;
		};
		F042E47525750006004FBDCD /* Debug */ = {
			isa = XCBuildConfiguration;
			buildSettings = {
				ASSETCATALOG_COMPILER_APPICON_NAME = AppIcon;
				ASSETCATALOG_COMPILER_GLOBAL_ACCENT_COLOR_NAME = AccentColor;
				CODE_SIGN_STYLE = Automatic;
				DEVELOPMENT_TEAM = WFX45C65T9;
				INFOPLIST_FILE = day05/Info.plist;
				IPHONEOS_DEPLOYMENT_TARGET = 13.2;
				LD_RUNPATH_SEARCH_PATHS = (
					"$(inherited)",
					"@executable_path/Frameworks",
				);
				PRODUCT_BUNDLE_IDENTIFIER = KL.day05;
				PRODUCT_NAME = "$(TARGET_NAME)";
				SWIFT_VERSION = 5.0;
				TARGETED_DEVICE_FAMILY = "1,2";
			};
			name = Debug;
		};
		F042E47625750006004FBDCD /* Release */ = {
			isa = XCBuildConfiguration;
			buildSettings = {
				ASSETCATALOG_COMPILER_APPICON_NAME = AppIcon;
				ASSETCATALOG_COMPILER_GLOBAL_ACCENT_COLOR_NAME = AccentColor;
				CODE_SIGN_STYLE = Automatic;
				DEVELOPMENT_TEAM = WFX45C65T9;
				INFOPLIST_FILE = day05/Info.plist;
				IPHONEOS_DEPLOYMENT_TARGET = 13.2;
				LD_RUNPATH_SEARCH_PATHS = (
					"$(inherited)",
					"@executable_path/Frameworks",
				);
				PRODUCT_BUNDLE_IDENTIFIER = KL.day05;
				PRODUCT_NAME = "$(TARGET_NAME)";
				SWIFT_VERSION = 5.0;
				TARGETED_DEVICE_FAMILY = "1,2";
			};
			name = Release;
		};
/* End XCBuildConfiguration section */

/* Begin XCConfigurationList section */
		F042E45B25750003004FBDCD /* Build configuration list for PBXProject "day05" */ = {
			isa = XCConfigurationList;
			buildConfigurations = (
				F042E47225750006004FBDCD /* Debug */,
				F042E47325750006004FBDCD /* Release */,
			);
			defaultConfigurationIsVisible = 0;
			defaultConfigurationName = Release;
		};
		F042E47425750006004FBDCD /* Build configuration list for PBXNativeTarget "day05" */ = {
			isa = XCConfigurationList;
			buildConfigurations = (
				F042E47525750006004FBDCD /* Debug */,
				F042E47625750006004FBDCD /* Release */,
			);
			defaultConfigurationIsVisible = 0;
			defaultConfigurationName = Release;
		};
/* End XCConfigurationList section */
	};
	rootObject = F042E45825750003004FBDCD /* Project object */;
}
